// !$*UTF8*$!
{
	archiveVersion = 1;
	classes = {
	};
	objectVersion = 46;
	objects = {

/* Begin PBXBuildFile section */
		2209DB5F1995B71300EC757C /* BBConstants.m in Sources */ = {isa = PBXBuildFile; fileRef = 22CCEFFE199168B5005161B5 /* BBConstants.m */; };
		222299DE199673200016BE43 /* BBClosetCategory.m in Sources */ = {isa = PBXBuildFile; fileRef = 222299DD199673200016BE43 /* BBClosetCategory.m */; };
		222299E1199673200016BE43 /* BBFeeling.m in Sources */ = {isa = PBXBuildFile; fileRef = 222299E0199673200016BE43 /* BBFeeling.m */; };
		222299E7199673200016BE43 /* BBAccessory.m in Sources */ = {isa = PBXBuildFile; fileRef = 222299E6199673200016BE43 /* BBAccessory.m */; };
		222299EA199673200016BE43 /* BBLanguageGroup.m in Sources */ = {isa = PBXBuildFile; fileRef = 222299E9199673200016BE43 /* BBLanguageGroup.m */; };
		222299F4199689AF0016BE43 /* BBLanguageBlockCollectionCell.m in Sources */ = {isa = PBXBuildFile; fileRef = 222299F2199689AF0016BE43 /* BBLanguageBlockCollectionCell.m */; };
		222299F5199689AF0016BE43 /* BBLanguageBlockCollectionCell.xib in Resources */ = {isa = PBXBuildFile; fileRef = 222299F3199689AF0016BE43 /* BBLanguageBlockCollectionCell.xib */; };
		2259A7811991D91D007A16C3 /* BBAccessoryCollectionCell.m in Sources */ = {isa = PBXBuildFile; fileRef = 2259A7801991D91D007A16C3 /* BBAccessoryCollectionCell.m */; };
		2259A7831991D93D007A16C3 /* BBAccessoryCollectionCell.xib in Resources */ = {isa = PBXBuildFile; fileRef = 2259A7821991D93D007A16C3 /* BBAccessoryCollectionCell.xib */; };
		22641E68199A6D3600A4E5EA /* BBSideMenuViewController.m in Sources */ = {isa = PBXBuildFile; fileRef = 22641E66199A6D3600A4E5EA /* BBSideMenuViewController.m */; };
		22641E69199A6D3600A4E5EA /* BBSideMenuViewController.xib in Resources */ = {isa = PBXBuildFile; fileRef = 22641E67199A6D3600A4E5EA /* BBSideMenuViewController.xib */; };
		227C6FA6199A5AEE0025BA2F /* SWRevealViewController.m in Sources */ = {isa = PBXBuildFile; fileRef = 227C6FA5199A5AEE0025BA2F /* SWRevealViewController.m */; };
		22A2866D1992E9780087A311 /* BBFeelingCollectionCell.m in Sources */ = {isa = PBXBuildFile; fileRef = 22A2866C1992E9780087A311 /* BBFeelingCollectionCell.m */; };
		22A2866F1992EA5C0087A311 /* BBFeelingCollectionCell.xib in Resources */ = {isa = PBXBuildFile; fileRef = 22A2866E1992EA5C0087A311 /* BBFeelingCollectionCell.xib */; };
		22B313A319958AE60006AE57 /* CoreData.framework in Frameworks */ = {isa = PBXBuildFile; fileRef = 22B313A219958AE60006AE57 /* CoreData.framework */; };
		22B313A619958B4C0006AE57 /* BlobDataModel.xcdatamodeld in Sources */ = {isa = PBXBuildFile; fileRef = 22B313A419958B4C0006AE57 /* BlobDataModel.xcdatamodeld */; };
		22B313AC19959FEA0006AE57 /* BBAccessory+Configure.m in Sources */ = {isa = PBXBuildFile; fileRef = 22B313AB19959FEA0006AE57 /* BBAccessory+Configure.m */; };
		22CA6B71199C018100CDD665 /* BBChooseFeelingViewController.m in Sources */ = {isa = PBXBuildFile; fileRef = 22CA6B6F199C018100CDD665 /* BBChooseFeelingViewController.m */; };
		22CA6B72199C018100CDD665 /* BBChooseFeelingViewController.xib in Resources */ = {isa = PBXBuildFile; fileRef = 22CA6B70199C018100CDD665 /* BBChooseFeelingViewController.xib */; };
		22CA6B81199D583E00CDD665 /* BBCollapsedLanguageBlockImageView.m in Sources */ = {isa = PBXBuildFile; fileRef = 22CA6B80199D583E00CDD665 /* BBCollapsedLanguageBlockImageView.m */; };
		22CCEFC6199165D6005161B5 /* Foundation.framework in Frameworks */ = {isa = PBXBuildFile; fileRef = 22CCEFC5199165D6005161B5 /* Foundation.framework */; };
		22CCEFC8199165D6005161B5 /* CoreGraphics.framework in Frameworks */ = {isa = PBXBuildFile; fileRef = 22CCEFC7199165D6005161B5 /* CoreGraphics.framework */; };
		22CCEFCA199165D6005161B5 /* UIKit.framework in Frameworks */ = {isa = PBXBuildFile; fileRef = 22CCEFC9199165D6005161B5 /* UIKit.framework */; };
		22CCEFD0199165D6005161B5 /* InfoPlist.strings in Resources */ = {isa = PBXBuildFile; fileRef = 22CCEFCE199165D6005161B5 /* InfoPlist.strings */; };
		22CCEFD2199165D6005161B5 /* main.m in Sources */ = {isa = PBXBuildFile; fileRef = 22CCEFD1199165D6005161B5 /* main.m */; };
		22CCEFD6199165D6005161B5 /* BBAppDelegate.m in Sources */ = {isa = PBXBuildFile; fileRef = 22CCEFD5199165D6005161B5 /* BBAppDelegate.m */; };
		22CCEFD8199165D6005161B5 /* Images.xcassets in Resources */ = {isa = PBXBuildFile; fileRef = 22CCEFD7199165D6005161B5 /* Images.xcassets */; };
		22CCEFDF199165D6005161B5 /* XCTest.framework in Frameworks */ = {isa = PBXBuildFile; fileRef = 22CCEFDE199165D6005161B5 /* XCTest.framework */; };
		22CCEFE0199165D6005161B5 /* Foundation.framework in Frameworks */ = {isa = PBXBuildFile; fileRef = 22CCEFC5199165D6005161B5 /* Foundation.framework */; };
		22CCEFE1199165D6005161B5 /* UIKit.framework in Frameworks */ = {isa = PBXBuildFile; fileRef = 22CCEFC9199165D6005161B5 /* UIKit.framework */; };
		22CCEFE9199165D6005161B5 /* InfoPlist.strings in Resources */ = {isa = PBXBuildFile; fileRef = 22CCEFE7199165D6005161B5 /* InfoPlist.strings */; };
		22CCEFEB199165D6005161B5 /* blobTests.m in Sources */ = {isa = PBXBuildFile; fileRef = 22CCEFEA199165D6005161B5 /* blobTests.m */; };
		22CCEFFA199166A2005161B5 /* BBRootViewController.m in Sources */ = {isa = PBXBuildFile; fileRef = 22CCEFF8199166A2005161B5 /* BBRootViewController.m */; };
		22CCEFFB199166A2005161B5 /* BBRootViewController.xib in Resources */ = {isa = PBXBuildFile; fileRef = 22CCEFF9199166A2005161B5 /* BBRootViewController.xib */; };
		22CCF00419917680005161B5 /* BBClosetViewController.m in Sources */ = {isa = PBXBuildFile; fileRef = 22CCF00219917680005161B5 /* BBClosetViewController.m */; };
		22CCF00519917680005161B5 /* BBClosetViewController.xib in Resources */ = {isa = PBXBuildFile; fileRef = 22CCF00319917680005161B5 /* BBClosetViewController.xib */; };
		22CCF009199176A5005161B5 /* BBSecretLanguageViewController.m in Sources */ = {isa = PBXBuildFile; fileRef = 22CCF007199176A5005161B5 /* BBSecretLanguageViewController.m */; };
		22CCF00A199176A5005161B5 /* BBSecretLanguageViewController.xib in Resources */ = {isa = PBXBuildFile; fileRef = 22CCF008199176A5005161B5 /* BBSecretLanguageViewController.xib */; };
		22CCF00E199176BD005161B5 /* BBMyBlobViewController.m in Sources */ = {isa = PBXBuildFile; fileRef = 22CCF00C199176BD005161B5 /* BBMyBlobViewController.m */; };
		22CCF00F199176BD005161B5 /* BBMyBlobViewController.xib in Resources */ = {isa = PBXBuildFile; fileRef = 22CCF00D199176BD005161B5 /* BBMyBlobViewController.xib */; };
		22DA5D0F199FE71300A61A85 /* BBLanguageBlockViewFactory.m in Sources */ = {isa = PBXBuildFile; fileRef = 22DA5D0E199FE71300A61A85 /* BBLanguageBlockViewFactory.m */; };
		22DA5D12199FE78E00A61A85 /* BBLanguageBlock+Configure.m in Sources */ = {isa = PBXBuildFile; fileRef = 22DA5D11199FE78E00A61A85 /* BBLanguageBlock+Configure.m */; };
		22DA5D15199FEC1C00A61A85 /* BBLanguageBlockView.m in Sources */ = {isa = PBXBuildFile; fileRef = 22DA5D14199FEC1C00A61A85 /* BBLanguageBlockView.m */; };
		22DA5D18199FEDC700A61A85 /* BBIfThenBlockView.xib in Resources */ = {isa = PBXBuildFile; fileRef = 22DA5D17199FEDC700A61A85 /* BBIfThenBlockView.xib */; };
		22DA5D1A199FEEA300A61A85 /* BBIfThenElseBlockView.xib in Resources */ = {isa = PBXBuildFile; fileRef = 22DA5D19199FEEA300A61A85 /* BBIfThenElseBlockView.xib */; };
		22DA5D1C199FEEE800A61A85 /* BBWaitBlockView.xib in Resources */ = {isa = PBXBuildFile; fileRef = 22DA5D1B199FEEE800A61A85 /* BBWaitBlockView.xib */; };
		22DA5D1E199FEF1700A61A85 /* BBRepeatBlockView.xib in Resources */ = {isa = PBXBuildFile; fileRef = 22DA5D1D199FEF1700A61A85 /* BBRepeatBlockView.xib */; };
		22DA5D20199FEF4900A61A85 /* BBAccessoryBlockView.xib in Resources */ = {isa = PBXBuildFile; fileRef = 22DA5D1F199FEF4900A61A85 /* BBAccessoryBlockView.xib */; };
		22DA5D22199FEF6300A61A85 /* BBOperatorBlockView.xib in Resources */ = {isa = PBXBuildFile; fileRef = 22DA5D21199FEF6300A61A85 /* BBOperatorBlockView.xib */; };
		22DA5D24199FEFC400A61A85 /* BBLogicOperatorBlockView.xib in Resources */ = {isa = PBXBuildFile; fileRef = 22DA5D23199FEFC400A61A85 /* BBLogicOperatorBlockView.xib */; };
		22DA5D26199FEFD100A61A85 /* BBReactionBlockView.xib in Resources */ = {isa = PBXBuildFile; fileRef = 22DA5D25199FEFD100A61A85 /* BBReactionBlockView.xib */; };
		22DA5D2A19A062D900A61A85 /* BBBlockSlotParameterView.m in Sources */ = {isa = PBXBuildFile; fileRef = 22DA5D2919A062D900A61A85 /* BBBlockSlotParameterView.m */; };
		22DA5D2D19A0687C00A61A85 /* BBBlockStackParameterView.m in Sources */ = {isa = PBXBuildFile; fileRef = 22DA5D2C19A0687C00A61A85 /* BBBlockStackParameterView.m */; };
		22DA5D3019A0688B00A61A85 /* BBQuantityParameterView.m in Sources */ = {isa = PBXBuildFile; fileRef = 22DA5D2F19A0688B00A61A85 /* BBQuantityParameterView.m */; };
		22DA5D3819A072EF00A61A85 /* BBAccessoryBlockView.m in Sources */ = {isa = PBXBuildFile; fileRef = 22DA5D3719A072EF00A61A85 /* BBAccessoryBlockView.m */; };
		22DA5D3B19A07CBE00A61A85 /* BBOperatorBlockView.m in Sources */ = {isa = PBXBuildFile; fileRef = 22DA5D3A19A07CBE00A61A85 /* BBOperatorBlockView.m */; };
		22DA5D3E19A07D5E00A61A85 /* BBLanguageBlock.m in Sources */ = {isa = PBXBuildFile; fileRef = 22DA5D3D19A07D5E00A61A85 /* BBLanguageBlock.m */; };
		22DA5D4119A0860400A61A85 /* BBReactionBlockView.m in Sources */ = {isa = PBXBuildFile; fileRef = 22DA5D4019A0860400A61A85 /* BBReactionBlockView.m */; };
		22DA5D4419A0F04600A61A85 /* BBLogicOperatorBlockView.m in Sources */ = {isa = PBXBuildFile; fileRef = 22DA5D4319A0F04600A61A85 /* BBLogicOperatorBlockView.m */; };
		22DA5D4619A0F7A900A61A85 /* BBNotBlockView.xib in Resources */ = {isa = PBXBuildFile; fileRef = 22DA5D4519A0F7A900A61A85 /* BBNotBlockView.xib */; };
		22DA5D4919A0F7C900A61A85 /* BBNotBlockView.m in Sources */ = {isa = PBXBuildFile; fileRef = 22DA5D4819A0F7C900A61A85 /* BBNotBlockView.m */; };
/* End PBXBuildFile section */

/* Begin PBXContainerItemProxy section */
		22CCEFE2199165D6005161B5 /* PBXContainerItemProxy */ = {
			isa = PBXContainerItemProxy;
			containerPortal = 22CCEFBA199165D6005161B5 /* Project object */;
			proxyType = 1;
			remoteGlobalIDString = 22CCEFC1199165D6005161B5;
			remoteInfo = blob;
		};
/* End PBXContainerItemProxy section */

/* Begin PBXFileReference section */
		222299DC199673200016BE43 /* BBClosetCategory.h */ = {isa = PBXFileReference; fileEncoding = 4; lastKnownFileType = sourcecode.c.h; path = BBClosetCategory.h; sourceTree = "<group>"; };
		222299DD199673200016BE43 /* BBClosetCategory.m */ = {isa = PBXFileReference; fileEncoding = 4; lastKnownFileType = sourcecode.c.objc; path = BBClosetCategory.m; sourceTree = "<group>"; };
		222299DF199673200016BE43 /* BBFeeling.h */ = {isa = PBXFileReference; fileEncoding = 4; lastKnownFileType = sourcecode.c.h; path = BBFeeling.h; sourceTree = "<group>"; };
		222299E0199673200016BE43 /* BBFeeling.m */ = {isa = PBXFileReference; fileEncoding = 4; lastKnownFileType = sourcecode.c.objc; path = BBFeeling.m; sourceTree = "<group>"; };
		222299E5199673200016BE43 /* BBAccessory.h */ = {isa = PBXFileReference; fileEncoding = 4; lastKnownFileType = sourcecode.c.h; path = BBAccessory.h; sourceTree = "<group>"; };
		222299E6199673200016BE43 /* BBAccessory.m */ = {isa = PBXFileReference; fileEncoding = 4; lastKnownFileType = sourcecode.c.objc; path = BBAccessory.m; sourceTree = "<group>"; };
		222299E8199673200016BE43 /* BBLanguageGroup.h */ = {isa = PBXFileReference; fileEncoding = 4; lastKnownFileType = sourcecode.c.h; path = BBLanguageGroup.h; sourceTree = "<group>"; };
		222299E9199673200016BE43 /* BBLanguageGroup.m */ = {isa = PBXFileReference; fileEncoding = 4; lastKnownFileType = sourcecode.c.objc; path = BBLanguageGroup.m; sourceTree = "<group>"; };
		222299F1199689AF0016BE43 /* BBLanguageBlockCollectionCell.h */ = {isa = PBXFileReference; fileEncoding = 4; lastKnownFileType = sourcecode.c.h; path = BBLanguageBlockCollectionCell.h; sourceTree = "<group>"; };
		222299F2199689AF0016BE43 /* BBLanguageBlockCollectionCell.m */ = {isa = PBXFileReference; fileEncoding = 4; lastKnownFileType = sourcecode.c.objc; path = BBLanguageBlockCollectionCell.m; sourceTree = "<group>"; };
		222299F3199689AF0016BE43 /* BBLanguageBlockCollectionCell.xib */ = {isa = PBXFileReference; fileEncoding = 4; lastKnownFileType = file.xib; path = BBLanguageBlockCollectionCell.xib; sourceTree = "<group>"; };
		2259A77F1991D91D007A16C3 /* BBAccessoryCollectionCell.h */ = {isa = PBXFileReference; fileEncoding = 4; lastKnownFileType = sourcecode.c.h; name = BBAccessoryCollectionCell.h; path = Cells/BBAccessoryCollectionCell.h; sourceTree = "<group>"; };
		2259A7801991D91D007A16C3 /* BBAccessoryCollectionCell.m */ = {isa = PBXFileReference; fileEncoding = 4; lastKnownFileType = sourcecode.c.objc; name = BBAccessoryCollectionCell.m; path = Cells/BBAccessoryCollectionCell.m; sourceTree = "<group>"; };
		2259A7821991D93D007A16C3 /* BBAccessoryCollectionCell.xib */ = {isa = PBXFileReference; fileEncoding = 4; lastKnownFileType = file.xib; name = BBAccessoryCollectionCell.xib; path = Cells/BBAccessoryCollectionCell.xib; sourceTree = "<group>"; };
		22641E65199A6D3600A4E5EA /* BBSideMenuViewController.h */ = {isa = PBXFileReference; fileEncoding = 4; lastKnownFileType = sourcecode.c.h; path = BBSideMenuViewController.h; sourceTree = "<group>"; };
		22641E66199A6D3600A4E5EA /* BBSideMenuViewController.m */ = {isa = PBXFileReference; fileEncoding = 4; lastKnownFileType = sourcecode.c.objc; path = BBSideMenuViewController.m; sourceTree = "<group>"; };
		22641E67199A6D3600A4E5EA /* BBSideMenuViewController.xib */ = {isa = PBXFileReference; fileEncoding = 4; lastKnownFileType = file.xib; path = BBSideMenuViewController.xib; sourceTree = "<group>"; };
		227C6FA4199A5AEE0025BA2F /* SWRevealViewController.h */ = {isa = PBXFileReference; fileEncoding = 4; lastKnownFileType = sourcecode.c.h; path = SWRevealViewController.h; sourceTree = "<group>"; };
		227C6FA5199A5AEE0025BA2F /* SWRevealViewController.m */ = {isa = PBXFileReference; fileEncoding = 4; lastKnownFileType = sourcecode.c.objc; path = SWRevealViewController.m; sourceTree = "<group>"; };
		22A2866B1992E9780087A311 /* BBFeelingCollectionCell.h */ = {isa = PBXFileReference; fileEncoding = 4; lastKnownFileType = sourcecode.c.h; name = BBFeelingCollectionCell.h; path = Cells/BBFeelingCollectionCell.h; sourceTree = "<group>"; };
		22A2866C1992E9780087A311 /* BBFeelingCollectionCell.m */ = {isa = PBXFileReference; fileEncoding = 4; lastKnownFileType = sourcecode.c.objc; name = BBFeelingCollectionCell.m; path = Cells/BBFeelingCollectionCell.m; sourceTree = "<group>"; };
		22A2866E1992EA5C0087A311 /* BBFeelingCollectionCell.xib */ = {isa = PBXFileReference; fileEncoding = 4; lastKnownFileType = file.xib; path = BBFeelingCollectionCell.xib; sourceTree = "<group>"; };
		22B313A219958AE60006AE57 /* CoreData.framework */ = {isa = PBXFileReference; lastKnownFileType = wrapper.framework; name = CoreData.framework; path = System/Library/Frameworks/CoreData.framework; sourceTree = SDKROOT; };
		22B313A519958B4C0006AE57 /* BlobDataModel.xcdatamodel */ = {isa = PBXFileReference; lastKnownFileType = wrapper.xcdatamodel; path = BlobDataModel.xcdatamodel; sourceTree = "<group>"; };
		22B313AA19959FEA0006AE57 /* BBAccessory+Configure.h */ = {isa = PBXFileReference; fileEncoding = 4; lastKnownFileType = sourcecode.c.h; path = "BBAccessory+Configure.h"; sourceTree = "<group>"; };
		22B313AB19959FEA0006AE57 /* BBAccessory+Configure.m */ = {isa = PBXFileReference; fileEncoding = 4; lastKnownFileType = sourcecode.c.objc; path = "BBAccessory+Configure.m"; sourceTree = "<group>"; };
		22CA6B6E199C018100CDD665 /* BBChooseFeelingViewController.h */ = {isa = PBXFileReference; fileEncoding = 4; lastKnownFileType = sourcecode.c.h; path = BBChooseFeelingViewController.h; sourceTree = "<group>"; };
		22CA6B6F199C018100CDD665 /* BBChooseFeelingViewController.m */ = {isa = PBXFileReference; fileEncoding = 4; lastKnownFileType = sourcecode.c.objc; path = BBChooseFeelingViewController.m; sourceTree = "<group>"; };
		22CA6B70199C018100CDD665 /* BBChooseFeelingViewController.xib */ = {isa = PBXFileReference; fileEncoding = 4; lastKnownFileType = file.xib; path = BBChooseFeelingViewController.xib; sourceTree = "<group>"; };
		22CA6B7F199D583E00CDD665 /* BBCollapsedLanguageBlockImageView.h */ = {isa = PBXFileReference; fileEncoding = 4; lastKnownFileType = sourcecode.c.h; path = BBCollapsedLanguageBlockImageView.h; sourceTree = "<group>"; };
		22CA6B80199D583E00CDD665 /* BBCollapsedLanguageBlockImageView.m */ = {isa = PBXFileReference; fileEncoding = 4; lastKnownFileType = sourcecode.c.objc; path = BBCollapsedLanguageBlockImageView.m; sourceTree = "<group>"; };
		22CCEFC2199165D6005161B5 /* blob.app */ = {isa = PBXFileReference; explicitFileType = wrapper.application; includeInIndex = 0; path = blob.app; sourceTree = BUILT_PRODUCTS_DIR; };
		22CCEFC5199165D6005161B5 /* Foundation.framework */ = {isa = PBXFileReference; lastKnownFileType = wrapper.framework; name = Foundation.framework; path = System/Library/Frameworks/Foundation.framework; sourceTree = SDKROOT; };
		22CCEFC7199165D6005161B5 /* CoreGraphics.framework */ = {isa = PBXFileReference; lastKnownFileType = wrapper.framework; name = CoreGraphics.framework; path = System/Library/Frameworks/CoreGraphics.framework; sourceTree = SDKROOT; };
		22CCEFC9199165D6005161B5 /* UIKit.framework */ = {isa = PBXFileReference; lastKnownFileType = wrapper.framework; name = UIKit.framework; path = System/Library/Frameworks/UIKit.framework; sourceTree = SDKROOT; };
		22CCEFCD199165D6005161B5 /* blob-Info.plist */ = {isa = PBXFileReference; lastKnownFileType = text.plist.xml; path = "blob-Info.plist"; sourceTree = "<group>"; };
		22CCEFCF199165D6005161B5 /* en */ = {isa = PBXFileReference; lastKnownFileType = text.plist.strings; name = en; path = en.lproj/InfoPlist.strings; sourceTree = "<group>"; };
		22CCEFD1199165D6005161B5 /* main.m */ = {isa = PBXFileReference; lastKnownFileType = sourcecode.c.objc; path = main.m; sourceTree = "<group>"; };
		22CCEFD3199165D6005161B5 /* blob-Prefix.pch */ = {isa = PBXFileReference; lastKnownFileType = sourcecode.c.h; path = "blob-Prefix.pch"; sourceTree = "<group>"; };
		22CCEFD4199165D6005161B5 /* BBAppDelegate.h */ = {isa = PBXFileReference; lastKnownFileType = sourcecode.c.h; path = BBAppDelegate.h; sourceTree = "<group>"; };
		22CCEFD5199165D6005161B5 /* BBAppDelegate.m */ = {isa = PBXFileReference; lastKnownFileType = sourcecode.c.objc; path = BBAppDelegate.m; sourceTree = "<group>"; };
		22CCEFD7199165D6005161B5 /* Images.xcassets */ = {isa = PBXFileReference; lastKnownFileType = folder.assetcatalog; path = Images.xcassets; sourceTree = "<group>"; };
		22CCEFDD199165D6005161B5 /* blobTests.xctest */ = {isa = PBXFileReference; explicitFileType = wrapper.cfbundle; includeInIndex = 0; path = blobTests.xctest; sourceTree = BUILT_PRODUCTS_DIR; };
		22CCEFDE199165D6005161B5 /* XCTest.framework */ = {isa = PBXFileReference; lastKnownFileType = wrapper.framework; name = XCTest.framework; path = Library/Frameworks/XCTest.framework; sourceTree = DEVELOPER_DIR; };
		22CCEFE6199165D6005161B5 /* blobTests-Info.plist */ = {isa = PBXFileReference; lastKnownFileType = text.plist.xml; path = "blobTests-Info.plist"; sourceTree = "<group>"; };
		22CCEFE8199165D6005161B5 /* en */ = {isa = PBXFileReference; lastKnownFileType = text.plist.strings; name = en; path = en.lproj/InfoPlist.strings; sourceTree = "<group>"; };
		22CCEFEA199165D6005161B5 /* blobTests.m */ = {isa = PBXFileReference; lastKnownFileType = sourcecode.c.objc; path = blobTests.m; sourceTree = "<group>"; };
		22CCEFF7199166A2005161B5 /* BBRootViewController.h */ = {isa = PBXFileReference; fileEncoding = 4; lastKnownFileType = sourcecode.c.h; path = BBRootViewController.h; sourceTree = "<group>"; };
		22CCEFF8199166A2005161B5 /* BBRootViewController.m */ = {isa = PBXFileReference; fileEncoding = 4; lastKnownFileType = sourcecode.c.objc; path = BBRootViewController.m; sourceTree = "<group>"; };
		22CCEFF9199166A2005161B5 /* BBRootViewController.xib */ = {isa = PBXFileReference; fileEncoding = 4; lastKnownFileType = file.xib; path = BBRootViewController.xib; sourceTree = "<group>"; };
		22CCEFFD199168B5005161B5 /* BBConstants.h */ = {isa = PBXFileReference; fileEncoding = 4; lastKnownFileType = sourcecode.c.h; path = BBConstants.h; sourceTree = "<group>"; };
		22CCEFFE199168B5005161B5 /* BBConstants.m */ = {isa = PBXFileReference; fileEncoding = 4; lastKnownFileType = sourcecode.c.objc; path = BBConstants.m; sourceTree = "<group>"; };
		22CCF00119917680005161B5 /* BBClosetViewController.h */ = {isa = PBXFileReference; fileEncoding = 4; lastKnownFileType = sourcecode.c.h; path = BBClosetViewController.h; sourceTree = "<group>"; };
		22CCF00219917680005161B5 /* BBClosetViewController.m */ = {isa = PBXFileReference; fileEncoding = 4; lastKnownFileType = sourcecode.c.objc; path = BBClosetViewController.m; sourceTree = "<group>"; };
		22CCF00319917680005161B5 /* BBClosetViewController.xib */ = {isa = PBXFileReference; fileEncoding = 4; lastKnownFileType = file.xib; path = BBClosetViewController.xib; sourceTree = "<group>"; };
		22CCF006199176A5005161B5 /* BBSecretLanguageViewController.h */ = {isa = PBXFileReference; fileEncoding = 4; lastKnownFileType = sourcecode.c.h; path = BBSecretLanguageViewController.h; sourceTree = "<group>"; };
		22CCF007199176A5005161B5 /* BBSecretLanguageViewController.m */ = {isa = PBXFileReference; fileEncoding = 4; lastKnownFileType = sourcecode.c.objc; path = BBSecretLanguageViewController.m; sourceTree = "<group>"; };
		22CCF008199176A5005161B5 /* BBSecretLanguageViewController.xib */ = {isa = PBXFileReference; fileEncoding = 4; lastKnownFileType = file.xib; path = BBSecretLanguageViewController.xib; sourceTree = "<group>"; };
		22CCF00B199176BD005161B5 /* BBMyBlobViewController.h */ = {isa = PBXFileReference; fileEncoding = 4; lastKnownFileType = sourcecode.c.h; path = BBMyBlobViewController.h; sourceTree = "<group>"; };
		22CCF00C199176BD005161B5 /* BBMyBlobViewController.m */ = {isa = PBXFileReference; fileEncoding = 4; lastKnownFileType = sourcecode.c.objc; path = BBMyBlobViewController.m; sourceTree = "<group>"; };
		22CCF00D199176BD005161B5 /* BBMyBlobViewController.xib */ = {isa = PBXFileReference; fileEncoding = 4; lastKnownFileType = file.xib; path = BBMyBlobViewController.xib; sourceTree = "<group>"; };
		22DA5D0D199FE71300A61A85 /* BBLanguageBlockViewFactory.h */ = {isa = PBXFileReference; fileEncoding = 4; lastKnownFileType = sourcecode.c.h; path = BBLanguageBlockViewFactory.h; sourceTree = "<group>"; };
		22DA5D0E199FE71300A61A85 /* BBLanguageBlockViewFactory.m */ = {isa = PBXFileReference; fileEncoding = 4; lastKnownFileType = sourcecode.c.objc; path = BBLanguageBlockViewFactory.m; sourceTree = "<group>"; };
		22DA5D10199FE78E00A61A85 /* BBLanguageBlock+Configure.h */ = {isa = PBXFileReference; fileEncoding = 4; lastKnownFileType = sourcecode.c.h; path = "BBLanguageBlock+Configure.h"; sourceTree = "<group>"; };
		22DA5D11199FE78E00A61A85 /* BBLanguageBlock+Configure.m */ = {isa = PBXFileReference; fileEncoding = 4; lastKnownFileType = sourcecode.c.objc; path = "BBLanguageBlock+Configure.m"; sourceTree = "<group>"; };
		22DA5D13199FEC1C00A61A85 /* BBLanguageBlockView.h */ = {isa = PBXFileReference; fileEncoding = 4; lastKnownFileType = sourcecode.c.h; path = BBLanguageBlockView.h; sourceTree = "<group>"; };
		22DA5D14199FEC1C00A61A85 /* BBLanguageBlockView.m */ = {isa = PBXFileReference; fileEncoding = 4; lastKnownFileType = sourcecode.c.objc; path = BBLanguageBlockView.m; sourceTree = "<group>"; };
		22DA5D17199FEDC700A61A85 /* BBIfThenBlockView.xib */ = {isa = PBXFileReference; fileEncoding = 4; lastKnownFileType = file.xib; path = BBIfThenBlockView.xib; sourceTree = "<group>"; };
		22DA5D19199FEEA300A61A85 /* BBIfThenElseBlockView.xib */ = {isa = PBXFileReference; fileEncoding = 4; lastKnownFileType = file.xib; path = BBIfThenElseBlockView.xib; sourceTree = "<group>"; };
		22DA5D1B199FEEE800A61A85 /* BBWaitBlockView.xib */ = {isa = PBXFileReference; fileEncoding = 4; lastKnownFileType = file.xib; path = BBWaitBlockView.xib; sourceTree = "<group>"; };
		22DA5D1D199FEF1700A61A85 /* BBRepeatBlockView.xib */ = {isa = PBXFileReference; fileEncoding = 4; lastKnownFileType = file.xib; path = BBRepeatBlockView.xib; sourceTree = "<group>"; };
		22DA5D1F199FEF4900A61A85 /* BBAccessoryBlockView.xib */ = {isa = PBXFileReference; fileEncoding = 4; lastKnownFileType = file.xib; path = BBAccessoryBlockView.xib; sourceTree = "<group>"; };
		22DA5D21199FEF6300A61A85 /* BBOperatorBlockView.xib */ = {isa = PBXFileReference; fileEncoding = 4; lastKnownFileType = file.xib; path = BBOperatorBlockView.xib; sourceTree = "<group>"; };
		22DA5D23199FEFC400A61A85 /* BBLogicOperatorBlockView.xib */ = {isa = PBXFileReference; fileEncoding = 4; lastKnownFileType = file.xib; path = BBLogicOperatorBlockView.xib; sourceTree = "<group>"; };
		22DA5D25199FEFD100A61A85 /* BBReactionBlockView.xib */ = {isa = PBXFileReference; fileEncoding = 4; lastKnownFileType = file.xib; path = BBReactionBlockView.xib; sourceTree = "<group>"; };
		22DA5D2819A062D900A61A85 /* BBBlockSlotParameterView.h */ = {isa = PBXFileReference; fileEncoding = 4; lastKnownFileType = sourcecode.c.h; path = BBBlockSlotParameterView.h; sourceTree = "<group>"; };
		22DA5D2919A062D900A61A85 /* BBBlockSlotParameterView.m */ = {isa = PBXFileReference; fileEncoding = 4; lastKnownFileType = sourcecode.c.objc; path = BBBlockSlotParameterView.m; sourceTree = "<group>"; };
		22DA5D2B19A0687C00A61A85 /* BBBlockStackParameterView.h */ = {isa = PBXFileReference; fileEncoding = 4; lastKnownFileType = sourcecode.c.h; path = BBBlockStackParameterView.h; sourceTree = "<group>"; };
		22DA5D2C19A0687C00A61A85 /* BBBlockStackParameterView.m */ = {isa = PBXFileReference; fileEncoding = 4; lastKnownFileType = sourcecode.c.objc; path = BBBlockStackParameterView.m; sourceTree = "<group>"; };
		22DA5D2E19A0688B00A61A85 /* BBQuantityParameterView.h */ = {isa = PBXFileReference; fileEncoding = 4; lastKnownFileType = sourcecode.c.h; path = BBQuantityParameterView.h; sourceTree = "<group>"; };
		22DA5D2F19A0688B00A61A85 /* BBQuantityParameterView.m */ = {isa = PBXFileReference; fileEncoding = 4; lastKnownFileType = sourcecode.c.objc; path = BBQuantityParameterView.m; sourceTree = "<group>"; };
		22DA5D3619A072EF00A61A85 /* BBAccessoryBlockView.h */ = {isa = PBXFileReference; fileEncoding = 4; lastKnownFileType = sourcecode.c.h; path = BBAccessoryBlockView.h; sourceTree = "<group>"; };
		22DA5D3719A072EF00A61A85 /* BBAccessoryBlockView.m */ = {isa = PBXFileReference; fileEncoding = 4; lastKnownFileType = sourcecode.c.objc; path = BBAccessoryBlockView.m; sourceTree = "<group>"; };
		22DA5D3919A07CBE00A61A85 /* BBOperatorBlockView.h */ = {isa = PBXFileReference; fileEncoding = 4; lastKnownFileType = sourcecode.c.h; path = BBOperatorBlockView.h; sourceTree = "<group>"; };
		22DA5D3A19A07CBE00A61A85 /* BBOperatorBlockView.m */ = {isa = PBXFileReference; fileEncoding = 4; lastKnownFileType = sourcecode.c.objc; path = BBOperatorBlockView.m; sourceTree = "<group>"; };
		22DA5D3C19A07D5E00A61A85 /* BBLanguageBlock.h */ = {isa = PBXFileReference; fileEncoding = 4; lastKnownFileType = sourcecode.c.h; path = BBLanguageBlock.h; sourceTree = "<group>"; };
		22DA5D3D19A07D5E00A61A85 /* BBLanguageBlock.m */ = {isa = PBXFileReference; fileEncoding = 4; lastKnownFileType = sourcecode.c.objc; path = BBLanguageBlock.m; sourceTree = "<group>"; };
		22DA5D3F19A0860400A61A85 /* BBReactionBlockView.h */ = {isa = PBXFileReference; fileEncoding = 4; lastKnownFileType = sourcecode.c.h; path = BBReactionBlockView.h; sourceTree = "<group>"; };
		22DA5D4019A0860400A61A85 /* BBReactionBlockView.m */ = {isa = PBXFileReference; fileEncoding = 4; lastKnownFileType = sourcecode.c.objc; path = BBReactionBlockView.m; sourceTree = "<group>"; };
		22DA5D4219A0F04600A61A85 /* BBLogicOperatorBlockView.h */ = {isa = PBXFileReference; fileEncoding = 4; lastKnownFileType = sourcecode.c.h; path = BBLogicOperatorBlockView.h; sourceTree = "<group>"; };
		22DA5D4319A0F04600A61A85 /* BBLogicOperatorBlockView.m */ = {isa = PBXFileReference; fileEncoding = 4; lastKnownFileType = sourcecode.c.objc; path = BBLogicOperatorBlockView.m; sourceTree = "<group>"; };
		22DA5D4519A0F7A900A61A85 /* BBNotBlockView.xib */ = {isa = PBXFileReference; fileEncoding = 4; lastKnownFileType = file.xib; path = BBNotBlockView.xib; sourceTree = "<group>"; };
		22DA5D4719A0F7C900A61A85 /* BBNotBlockView.h */ = {isa = PBXFileReference; fileEncoding = 4; lastKnownFileType = sourcecode.c.h; path = BBNotBlockView.h; sourceTree = "<group>"; };
		22DA5D4819A0F7C900A61A85 /* BBNotBlockView.m */ = {isa = PBXFileReference; fileEncoding = 4; lastKnownFileType = sourcecode.c.objc; path = BBNotBlockView.m; sourceTree = "<group>"; };
/* End PBXFileReference section */

/* Begin PBXFrameworksBuildPhase section */
		22CCEFBF199165D6005161B5 /* Frameworks */ = {
			isa = PBXFrameworksBuildPhase;
			buildActionMask = 2147483647;
			files = (
				22B313A319958AE60006AE57 /* CoreData.framework in Frameworks */,
				22CCEFC8199165D6005161B5 /* CoreGraphics.framework in Frameworks */,
				22CCEFCA199165D6005161B5 /* UIKit.framework in Frameworks */,
				22CCEFC6199165D6005161B5 /* Foundation.framework in Frameworks */,
			);
			runOnlyForDeploymentPostprocessing = 0;
		};
		22CCEFDA199165D6005161B5 /* Frameworks */ = {
			isa = PBXFrameworksBuildPhase;
			buildActionMask = 2147483647;
			files = (
				22CCEFDF199165D6005161B5 /* XCTest.framework in Frameworks */,
				22CCEFE1199165D6005161B5 /* UIKit.framework in Frameworks */,
				22CCEFE0199165D6005161B5 /* Foundation.framework in Frameworks */,
			);
			runOnlyForDeploymentPostprocessing = 0;
		};
/* End PBXFrameworksBuildPhase section */

/* Begin PBXGroup section */
		222299DB199604290016BE43 /* Categories */ = {
			isa = PBXGroup;
			children = (
				22B313AA19959FEA0006AE57 /* BBAccessory+Configure.h */,
				22B313AB19959FEA0006AE57 /* BBAccessory+Configure.m */,
				22DA5D10199FE78E00A61A85 /* BBLanguageBlock+Configure.h */,
				22DA5D11199FE78E00A61A85 /* BBLanguageBlock+Configure.m */,
			);
			name = Categories;
			sourceTree = "<group>";
		};
		22A2866A1992DDD90087A311 /* Cells */ = {
			isa = PBXGroup;
			children = (
				2259A77F1991D91D007A16C3 /* BBAccessoryCollectionCell.h */,
				2259A7801991D91D007A16C3 /* BBAccessoryCollectionCell.m */,
				2259A7821991D93D007A16C3 /* BBAccessoryCollectionCell.xib */,
				22A2866B1992E9780087A311 /* BBFeelingCollectionCell.h */,
				22A2866C1992E9780087A311 /* BBFeelingCollectionCell.m */,
				22A2866E1992EA5C0087A311 /* BBFeelingCollectionCell.xib */,
				222299F1199689AF0016BE43 /* BBLanguageBlockCollectionCell.h */,
				222299F2199689AF0016BE43 /* BBLanguageBlockCollectionCell.m */,
				222299F3199689AF0016BE43 /* BBLanguageBlockCollectionCell.xib */,
			);
			name = Cells;
			sourceTree = "<group>";
		};
		22CCEFB9199165D6005161B5 = {
			isa = PBXGroup;
			children = (
				22CCEFCB199165D6005161B5 /* blob */,
				22CCEFE4199165D6005161B5 /* blobTests */,
				22CCEFC4199165D6005161B5 /* Frameworks */,
				22CCEFC3199165D6005161B5 /* Products */,
			);
			sourceTree = "<group>";
		};
		22CCEFC3199165D6005161B5 /* Products */ = {
			isa = PBXGroup;
			children = (
				22CCEFC2199165D6005161B5 /* blob.app */,
				22CCEFDD199165D6005161B5 /* blobTests.xctest */,
			);
			name = Products;
			sourceTree = "<group>";
		};
		22CCEFC4199165D6005161B5 /* Frameworks */ = {
			isa = PBXGroup;
			children = (
				22B313A219958AE60006AE57 /* CoreData.framework */,
				22CCEFC5199165D6005161B5 /* Foundation.framework */,
				22CCEFC7199165D6005161B5 /* CoreGraphics.framework */,
				22CCEFC9199165D6005161B5 /* UIKit.framework */,
				22CCEFDE199165D6005161B5 /* XCTest.framework */,
			);
			name = Frameworks;
			sourceTree = "<group>";
		};
		22CCEFCB199165D6005161B5 /* blob */ = {
			isa = PBXGroup;
			children = (
				22CCEFFC1991689E005161B5 /* Constants */,
				22CCEFF51991664F005161B5 /* Model */,
				22CCEFF619916653005161B5 /* Views */,
				22CCEFF41991664A005161B5 /* Controllers */,
				22CCEFD4199165D6005161B5 /* BBAppDelegate.h */,
				22CCEFD5199165D6005161B5 /* BBAppDelegate.m */,
				22CCEFD7199165D6005161B5 /* Images.xcassets */,
				22CCEFCC199165D6005161B5 /* Supporting Files */,
			);
			path = blob;
			sourceTree = "<group>";
		};
		22CCEFCC199165D6005161B5 /* Supporting Files */ = {
			isa = PBXGroup;
			children = (
				227C6FA4199A5AEE0025BA2F /* SWRevealViewController.h */,
				227C6FA5199A5AEE0025BA2F /* SWRevealViewController.m */,
				22CCEFCD199165D6005161B5 /* blob-Info.plist */,
				22CCEFCE199165D6005161B5 /* InfoPlist.strings */,
				22CCEFD1199165D6005161B5 /* main.m */,
				22CCEFD3199165D6005161B5 /* blob-Prefix.pch */,
			);
			name = "Supporting Files";
			sourceTree = "<group>";
		};
		22CCEFE4199165D6005161B5 /* blobTests */ = {
			isa = PBXGroup;
			children = (
				22CCEFEA199165D6005161B5 /* blobTests.m */,
				22CCEFE5199165D6005161B5 /* Supporting Files */,
			);
			path = blobTests;
			sourceTree = "<group>";
		};
		22CCEFE5199165D6005161B5 /* Supporting Files */ = {
			isa = PBXGroup;
			children = (
				22CCEFE6199165D6005161B5 /* blobTests-Info.plist */,
				22CCEFE7199165D6005161B5 /* InfoPlist.strings */,
			);
			name = "Supporting Files";
			sourceTree = "<group>";
		};
		22CCEFF41991664A005161B5 /* Controllers */ = {
			isa = PBXGroup;
			children = (
				22CCEFF7199166A2005161B5 /* BBRootViewController.h */,
				22CCEFF8199166A2005161B5 /* BBRootViewController.m */,
				22CCEFF9199166A2005161B5 /* BBRootViewController.xib */,
				22641E65199A6D3600A4E5EA /* BBSideMenuViewController.h */,
				22641E66199A6D3600A4E5EA /* BBSideMenuViewController.m */,
				22641E67199A6D3600A4E5EA /* BBSideMenuViewController.xib */,
				22CCF010199176C4005161B5 /* Child View Controllers */,
			);
			path = Controllers;
			sourceTree = "<group>";
		};
		22CCEFF51991664F005161B5 /* Model */ = {
			isa = PBXGroup;
			children = (
				22B313A419958B4C0006AE57 /* BlobDataModel.xcdatamodeld */,
				22DA5D3C19A07D5E00A61A85 /* BBLanguageBlock.h */,
				22DA5D3D19A07D5E00A61A85 /* BBLanguageBlock.m */,
				222299E8199673200016BE43 /* BBLanguageGroup.h */,
				222299E9199673200016BE43 /* BBLanguageGroup.m */,
				222299E5199673200016BE43 /* BBAccessory.h */,
				222299E6199673200016BE43 /* BBAccessory.m */,
				222299DF199673200016BE43 /* BBFeeling.h */,
				222299E0199673200016BE43 /* BBFeeling.m */,
				222299DC199673200016BE43 /* BBClosetCategory.h */,
				222299DD199673200016BE43 /* BBClosetCategory.m */,
				222299DB199604290016BE43 /* Categories */,
			);
			path = Model;
			sourceTree = "<group>";
		};
		22CCEFF619916653005161B5 /* Views */ = {
			isa = PBXGroup;
			children = (
				22CA6B7F199D583E00CDD665 /* BBCollapsedLanguageBlockImageView.h */,
				22CA6B80199D583E00CDD665 /* BBCollapsedLanguageBlockImageView.m */,
				22DA5D0D199FE71300A61A85 /* BBLanguageBlockViewFactory.h */,
				22DA5D0E199FE71300A61A85 /* BBLanguageBlockViewFactory.m */,
				22DA5D13199FEC1C00A61A85 /* BBLanguageBlockView.h */,
				22DA5D14199FEC1C00A61A85 /* BBLanguageBlockView.m */,
				22DA5D16199FED9500A61A85 /* BlockViews */,
				22DA5D2719A050B200A61A85 /* ParameterViews */,
			);
			path = Views;
			sourceTree = "<group>";
		};
		22CCEFFC1991689E005161B5 /* Constants */ = {
			isa = PBXGroup;
			children = (
				22CCEFFD199168B5005161B5 /* BBConstants.h */,
				22CCEFFE199168B5005161B5 /* BBConstants.m */,
			);
			path = Constants;
			sourceTree = "<group>";
		};
		22CCF010199176C4005161B5 /* Child View Controllers */ = {
			isa = PBXGroup;
			children = (
				22CA6B6E199C018100CDD665 /* BBChooseFeelingViewController.h */,
				22CA6B6F199C018100CDD665 /* BBChooseFeelingViewController.m */,
				22CA6B70199C018100CDD665 /* BBChooseFeelingViewController.xib */,
				22CCF00119917680005161B5 /* BBClosetViewController.h */,
				22CCF00219917680005161B5 /* BBClosetViewController.m */,
				22CCF00319917680005161B5 /* BBClosetViewController.xib */,
				22CCF006199176A5005161B5 /* BBSecretLanguageViewController.h */,
				22CCF007199176A5005161B5 /* BBSecretLanguageViewController.m */,
				22CCF008199176A5005161B5 /* BBSecretLanguageViewController.xib */,
				22CCF00B199176BD005161B5 /* BBMyBlobViewController.h */,
				22CCF00C199176BD005161B5 /* BBMyBlobViewController.m */,
				22CCF00D199176BD005161B5 /* BBMyBlobViewController.xib */,
				22A2866A1992DDD90087A311 /* Cells */,
			);
			name = "Child View Controllers";
			sourceTree = "<group>";
		};
		22DA5D16199FED9500A61A85 /* BlockViews */ = {
			isa = PBXGroup;
			children = (
				22DA5D3419A0727600A61A85 /* Xibs */,
			);
			name = BlockViews;
			sourceTree = "<group>";
		};
		22DA5D2719A050B200A61A85 /* ParameterViews */ = {
			isa = PBXGroup;
			children = (
				22DA5D2819A062D900A61A85 /* BBBlockSlotParameterView.h */,
				22DA5D2919A062D900A61A85 /* BBBlockSlotParameterView.m */,
				22DA5D2B19A0687C00A61A85 /* BBBlockStackParameterView.h */,
				22DA5D2C19A0687C00A61A85 /* BBBlockStackParameterView.m */,
				22DA5D2E19A0688B00A61A85 /* BBQuantityParameterView.h */,
				22DA5D2F19A0688B00A61A85 /* BBQuantityParameterView.m */,
			);
			name = ParameterViews;
			sourceTree = "<group>";
		};
		22DA5D3419A0727600A61A85 /* Xibs */ = {
			isa = PBXGroup;
			children = (
				22DA5D17199FEDC700A61A85 /* BBIfThenBlockView.xib */,
				22DA5D19199FEEA300A61A85 /* BBIfThenElseBlockView.xib */,
				22DA5D1B199FEEE800A61A85 /* BBWaitBlockView.xib */,
				22DA5D1D199FEF1700A61A85 /* BBRepeatBlockView.xib */,
				22DA5D3619A072EF00A61A85 /* BBAccessoryBlockView.h */,
				22DA5D3719A072EF00A61A85 /* BBAccessoryBlockView.m */,
				22DA5D1F199FEF4900A61A85 /* BBAccessoryBlockView.xib */,
				22DA5D3919A07CBE00A61A85 /* BBOperatorBlockView.h */,
				22DA5D3A19A07CBE00A61A85 /* BBOperatorBlockView.m */,
				22DA5D21199FEF6300A61A85 /* BBOperatorBlockView.xib */,
				22DA5D4219A0F04600A61A85 /* BBLogicOperatorBlockView.h */,
				22DA5D4319A0F04600A61A85 /* BBLogicOperatorBlockView.m */,
				22DA5D23199FEFC400A61A85 /* BBLogicOperatorBlockView.xib */,
				22DA5D4719A0F7C900A61A85 /* BBNotBlockView.h */,
				22DA5D4819A0F7C900A61A85 /* BBNotBlockView.m */,
				22DA5D4519A0F7A900A61A85 /* BBNotBlockView.xib */,
				22DA5D3F19A0860400A61A85 /* BBReactionBlockView.h */,
				22DA5D4019A0860400A61A85 /* BBReactionBlockView.m */,
				22DA5D25199FEFD100A61A85 /* BBReactionBlockView.xib */,
			);
			name = Xibs;
			sourceTree = "<group>";
		};
/* End PBXGroup section */

/* Begin PBXNativeTarget section */
		22CCEFC1199165D6005161B5 /* blob */ = {
			isa = PBXNativeTarget;
			buildConfigurationList = 22CCEFEE199165D6005161B5 /* Build configuration list for PBXNativeTarget "blob" */;
			buildPhases = (
				22CCEFBE199165D6005161B5 /* Sources */,
				22CCEFBF199165D6005161B5 /* Frameworks */,
				22CCEFC0199165D6005161B5 /* Resources */,
			);
			buildRules = (
			);
			dependencies = (
			);
			name = blob;
			productName = blob;
			productReference = 22CCEFC2199165D6005161B5 /* blob.app */;
			productType = "com.apple.product-type.application";
		};
		22CCEFDC199165D6005161B5 /* blobTests */ = {
			isa = PBXNativeTarget;
			buildConfigurationList = 22CCEFF1199165D6005161B5 /* Build configuration list for PBXNativeTarget "blobTests" */;
			buildPhases = (
				22CCEFD9199165D6005161B5 /* Sources */,
				22CCEFDA199165D6005161B5 /* Frameworks */,
				22CCEFDB199165D6005161B5 /* Resources */,
			);
			buildRules = (
			);
			dependencies = (
				22CCEFE3199165D6005161B5 /* PBXTargetDependency */,
			);
			name = blobTests;
			productName = blobTests;
			productReference = 22CCEFDD199165D6005161B5 /* blobTests.xctest */;
			productType = "com.apple.product-type.bundle.unit-test";
		};
/* End PBXNativeTarget section */

/* Begin PBXProject section */
		22CCEFBA199165D6005161B5 /* Project object */ = {
			isa = PBXProject;
			attributes = {
				CLASSPREFIX = BB;
				LastUpgradeCheck = 0510;
				ORGANIZATIONNAME = "Crazy Machine";
				TargetAttributes = {
					22CCEFC1199165D6005161B5 = {
						DevelopmentTeam = QC4NQ4A3Z9;
					};
					22CCEFDC199165D6005161B5 = {
						TestTargetID = 22CCEFC1199165D6005161B5;
					};
				};
			};
			buildConfigurationList = 22CCEFBD199165D6005161B5 /* Build configuration list for PBXProject "blob" */;
			compatibilityVersion = "Xcode 3.2";
			developmentRegion = English;
			hasScannedForEncodings = 0;
			knownRegions = (
				en,
			);
			mainGroup = 22CCEFB9199165D6005161B5;
			productRefGroup = 22CCEFC3199165D6005161B5 /* Products */;
			projectDirPath = "";
			projectRoot = "";
			targets = (
				22CCEFC1199165D6005161B5 /* blob */,
				22CCEFDC199165D6005161B5 /* blobTests */,
			);
		};
/* End PBXProject section */

/* Begin PBXResourcesBuildPhase section */
		22CCEFC0199165D6005161B5 /* Resources */ = {
			isa = PBXResourcesBuildPhase;
			buildActionMask = 2147483647;
			files = (
				22DA5D22199FEF6300A61A85 /* BBOperatorBlockView.xib in Resources */,
				22CA6B72199C018100CDD665 /* BBChooseFeelingViewController.xib in Resources */,
				22CCF00519917680005161B5 /* BBClosetViewController.xib in Resources */,
				22CCF00F199176BD005161B5 /* BBMyBlobViewController.xib in Resources */,
				22CCEFD0199165D6005161B5 /* InfoPlist.strings in Resources */,
				22DA5D26199FEFD100A61A85 /* BBReactionBlockView.xib in Resources */,
				222299F5199689AF0016BE43 /* BBLanguageBlockCollectionCell.xib in Resources */,
				22CCF00A199176A5005161B5 /* BBSecretLanguageViewController.xib in Resources */,
				22DA5D18199FEDC700A61A85 /* BBIfThenBlockView.xib in Resources */,
				22DA5D24199FEFC400A61A85 /* BBLogicOperatorBlockView.xib in Resources */,
				22CCEFD8199165D6005161B5 /* Images.xcassets in Resources */,
				22CCEFFB199166A2005161B5 /* BBRootViewController.xib in Resources */,
				22A2866F1992EA5C0087A311 /* BBFeelingCollectionCell.xib in Resources */,
				22641E69199A6D3600A4E5EA /* BBSideMenuViewController.xib in Resources */,
				22DA5D1C199FEEE800A61A85 /* BBWaitBlockView.xib in Resources */,
				22DA5D1E199FEF1700A61A85 /* BBRepeatBlockView.xib in Resources */,
				22DA5D1A199FEEA300A61A85 /* BBIfThenElseBlockView.xib in Resources */,
				2259A7831991D93D007A16C3 /* BBAccessoryCollectionCell.xib in Resources */,
				22DA5D4619A0F7A900A61A85 /* BBNotBlockView.xib in Resources */,
				22DA5D20199FEF4900A61A85 /* BBAccessoryBlockView.xib in Resources */,
			);
			runOnlyForDeploymentPostprocessing = 0;
		};
		22CCEFDB199165D6005161B5 /* Resources */ = {
			isa = PBXResourcesBuildPhase;
			buildActionMask = 2147483647;
			files = (
				22CCEFE9199165D6005161B5 /* InfoPlist.strings in Resources */,
			);
			runOnlyForDeploymentPostprocessing = 0;
		};
/* End PBXResourcesBuildPhase section */

/* Begin PBXSourcesBuildPhase section */
		22CCEFBE199165D6005161B5 /* Sources */ = {
			isa = PBXSourcesBuildPhase;
			buildActionMask = 2147483647;
			files = (
				2209DB5F1995B71300EC757C /* BBConstants.m in Sources */,
				22DA5D15199FEC1C00A61A85 /* BBLanguageBlockView.m in Sources */,
				222299EA199673200016BE43 /* BBLanguageGroup.m in Sources */,
				222299DE199673200016BE43 /* BBClosetCategory.m in Sources */,
				2259A7811991D91D007A16C3 /* BBAccessoryCollectionCell.m in Sources */,
				22DA5D2D19A0687C00A61A85 /* BBBlockStackParameterView.m in Sources */,
				22DA5D4919A0F7C900A61A85 /* BBNotBlockView.m in Sources */,
				22CA6B71199C018100CDD665 /* BBChooseFeelingViewController.m in Sources */,
				22DA5D3819A072EF00A61A85 /* BBAccessoryBlockView.m in Sources */,
				22DA5D3019A0688B00A61A85 /* BBQuantityParameterView.m in Sources */,
				22DA5D12199FE78E00A61A85 /* BBLanguageBlock+Configure.m in Sources */,
				227C6FA6199A5AEE0025BA2F /* SWRevealViewController.m in Sources */,
				22DA5D0F199FE71300A61A85 /* BBLanguageBlockViewFactory.m in Sources */,
				22CCF009199176A5005161B5 /* BBSecretLanguageViewController.m in Sources */,
				22DA5D3E19A07D5E00A61A85 /* BBLanguageBlock.m in Sources */,
				22B313A619958B4C0006AE57 /* BlobDataModel.xcdatamodeld in Sources */,
				22DA5D4119A0860400A61A85 /* BBReactionBlockView.m in Sources */,
				22DA5D3B19A07CBE00A61A85 /* BBOperatorBlockView.m in Sources */,
				22CCEFD6199165D6005161B5 /* BBAppDelegate.m in Sources */,
				222299F4199689AF0016BE43 /* BBLanguageBlockCollectionCell.m in Sources */,
				222299E7199673200016BE43 /* BBAccessory.m in Sources */,
				22641E68199A6D3600A4E5EA /* BBSideMenuViewController.m in Sources */,
				22CCEFFA199166A2005161B5 /* BBRootViewController.m in Sources */,
				22B313AC19959FEA0006AE57 /* BBAccessory+Configure.m in Sources */,
				22CCEFD2199165D6005161B5 /* main.m in Sources */,
				22DA5D2A19A062D900A61A85 /* BBBlockSlotParameterView.m in Sources */,
				222299E1199673200016BE43 /* BBFeeling.m in Sources */,
				22CCF00419917680005161B5 /* BBClosetViewController.m in Sources */,
				22A2866D1992E9780087A311 /* BBFeelingCollectionCell.m in Sources */,
				22CA6B81199D583E00CDD665 /* BBCollapsedLanguageBlockImageView.m in Sources */,
				22DA5D4419A0F04600A61A85 /* BBLogicOperatorBlockView.m in Sources */,
				22CCF00E199176BD005161B5 /* BBMyBlobViewController.m in Sources */,
			);
			runOnlyForDeploymentPostprocessing = 0;
		};
		22CCEFD9199165D6005161B5 /* Sources */ = {
			isa = PBXSourcesBuildPhase;
			buildActionMask = 2147483647;
			files = (
				22CCEFEB199165D6005161B5 /* blobTests.m in Sources */,
			);
			runOnlyForDeploymentPostprocessing = 0;
		};
/* End PBXSourcesBuildPhase section */

/* Begin PBXTargetDependency section */
		22CCEFE3199165D6005161B5 /* PBXTargetDependency */ = {
			isa = PBXTargetDependency;
			target = 22CCEFC1199165D6005161B5 /* blob */;
			targetProxy = 22CCEFE2199165D6005161B5 /* PBXContainerItemProxy */;
		};
/* End PBXTargetDependency section */

/* Begin PBXVariantGroup section */
		22CCEFCE199165D6005161B5 /* InfoPlist.strings */ = {
			isa = PBXVariantGroup;
			children = (
				22CCEFCF199165D6005161B5 /* en */,
			);
			name = InfoPlist.strings;
			sourceTree = "<group>";
		};
		22CCEFE7199165D6005161B5 /* InfoPlist.strings */ = {
			isa = PBXVariantGroup;
			children = (
				22CCEFE8199165D6005161B5 /* en */,
			);
			name = InfoPlist.strings;
			sourceTree = "<group>";
		};
/* End PBXVariantGroup section */

/* Begin XCBuildConfiguration section */
		22CCEFEC199165D6005161B5 /* Debug */ = {
			isa = XCBuildConfiguration;
			buildSettings = {
				ALWAYS_SEARCH_USER_PATHS = NO;
				CLANG_CXX_LANGUAGE_STANDARD = "gnu++0x";
				CLANG_CXX_LIBRARY = "libc++";
				CLANG_ENABLE_MODULES = YES;
				CLANG_ENABLE_OBJC_ARC = YES;
				CLANG_WARN_BOOL_CONVERSION = YES;
				CLANG_WARN_CONSTANT_CONVERSION = YES;
				CLANG_WARN_DIRECT_OBJC_ISA_USAGE = YES_ERROR;
				CLANG_WARN_EMPTY_BODY = YES;
				CLANG_WARN_ENUM_CONVERSION = YES;
				CLANG_WARN_INT_CONVERSION = YES;
				CLANG_WARN_OBJC_ROOT_CLASS = YES_ERROR;
				CLANG_WARN__DUPLICATE_METHOD_MATCH = YES;
				"CODE_SIGN_IDENTITY[sdk=iphoneos*]" = "iPhone Developer";
				COPY_PHASE_STRIP = NO;
				GCC_C_LANGUAGE_STANDARD = gnu99;
				GCC_DYNAMIC_NO_PIC = NO;
				GCC_OPTIMIZATION_LEVEL = 0;
				GCC_PREPROCESSOR_DEFINITIONS = (
					"DEBUG=1",
					"$(inherited)",
				);
				GCC_SYMBOLS_PRIVATE_EXTERN = NO;
				GCC_WARN_64_TO_32_BIT_CONVERSION = YES;
				GCC_WARN_ABOUT_RETURN_TYPE = YES_ERROR;
				GCC_WARN_UNDECLARED_SELECTOR = YES;
				GCC_WARN_UNINITIALIZED_AUTOS = YES_AGGRESSIVE;
				GCC_WARN_UNUSED_FUNCTION = YES;
				GCC_WARN_UNUSED_VARIABLE = YES;
				IPHONEOS_DEPLOYMENT_TARGET = 7.1;
				ONLY_ACTIVE_ARCH = YES;
				SDKROOT = iphoneos;
				TARGETED_DEVICE_FAMILY = 2;
			};
			name = Debug;
		};
		22CCEFED199165D6005161B5 /* Release */ = {
			isa = XCBuildConfiguration;
			buildSettings = {
				ALWAYS_SEARCH_USER_PATHS = NO;
				CLANG_CXX_LANGUAGE_STANDARD = "gnu++0x";
				CLANG_CXX_LIBRARY = "libc++";
				CLANG_ENABLE_MODULES = YES;
				CLANG_ENABLE_OBJC_ARC = YES;
				CLANG_WARN_BOOL_CONVERSION = YES;
				CLANG_WARN_CONSTANT_CONVERSION = YES;
				CLANG_WARN_DIRECT_OBJC_ISA_USAGE = YES_ERROR;
				CLANG_WARN_EMPTY_BODY = YES;
				CLANG_WARN_ENUM_CONVERSION = YES;
				CLANG_WARN_INT_CONVERSION = YES;
				CLANG_WARN_OBJC_ROOT_CLASS = YES_ERROR;
				CLANG_WARN__DUPLICATE_METHOD_MATCH = YES;
				"CODE_SIGN_IDENTITY[sdk=iphoneos*]" = "iPhone Developer";
				COPY_PHASE_STRIP = YES;
				ENABLE_NS_ASSERTIONS = NO;
				GCC_C_LANGUAGE_STANDARD = gnu99;
				GCC_WARN_64_TO_32_BIT_CONVERSION = YES;
				GCC_WARN_ABOUT_RETURN_TYPE = YES_ERROR;
				GCC_WARN_UNDECLARED_SELECTOR = YES;
				GCC_WARN_UNINITIALIZED_AUTOS = YES_AGGRESSIVE;
				GCC_WARN_UNUSED_FUNCTION = YES;
				GCC_WARN_UNUSED_VARIABLE = YES;
				IPHONEOS_DEPLOYMENT_TARGET = 7.1;
				SDKROOT = iphoneos;
				TARGETED_DEVICE_FAMILY = 2;
				VALIDATE_PRODUCT = YES;
			};
			name = Release;
		};
		22CCEFEF199165D6005161B5 /* Debug */ = {
			isa = XCBuildConfiguration;
			buildSettings = {
				ASSETCATALOG_COMPILER_APPICON_NAME = AppIcon;
				ASSETCATALOG_COMPILER_LAUNCHIMAGE_NAME = LaunchImage;
				CODE_SIGN_IDENTITY = "iPhone Developer";
				GCC_PRECOMPILE_PREFIX_HEADER = YES;
				GCC_PREFIX_HEADER = "blob/blob-Prefix.pch";
				INFOPLIST_FILE = "blob/blob-Info.plist";
				PRODUCT_NAME = "$(TARGET_NAME)";
				WRAPPER_EXTENSION = app;
			};
			name = Debug;
		};
		22CCEFF0199165D6005161B5 /* Release */ = {
			isa = XCBuildConfiguration;
			buildSettings = {
				ASSETCATALOG_COMPILER_APPICON_NAME = AppIcon;
				ASSETCATALOG_COMPILER_LAUNCHIMAGE_NAME = LaunchImage;
				CODE_SIGN_IDENTITY = "iPhone Developer";
				GCC_PRECOMPILE_PREFIX_HEADER = YES;
				GCC_PREFIX_HEADER = "blob/blob-Prefix.pch";
				INFOPLIST_FILE = "blob/blob-Info.plist";
				PRODUCT_NAME = "$(TARGET_NAME)";
				WRAPPER_EXTENSION = app;
			};
			name = Release;
		};
		22CCEFF2199165D6005161B5 /* Debug */ = {
			isa = XCBuildConfiguration;
			buildSettings = {
				BUNDLE_LOADER = "$(BUILT_PRODUCTS_DIR)/blob.app/blob";
				FRAMEWORK_SEARCH_PATHS = (
					"$(SDKROOT)/Developer/Library/Frameworks",
					"$(inherited)",
					"$(DEVELOPER_FRAMEWORKS_DIR)",
				);
				GCC_PRECOMPILE_PREFIX_HEADER = YES;
				GCC_PREFIX_HEADER = "blob/blob-Prefix.pch";
				GCC_PREPROCESSOR_DEFINITIONS = (
					"DEBUG=1",
					"$(inherited)",
				);
				INFOPLIST_FILE = "blobTests/blobTests-Info.plist";
				PRODUCT_NAME = "$(TARGET_NAME)";
				TEST_HOST = "$(BUNDLE_LOADER)";
				WRAPPER_EXTENSION = xctest;
			};
			name = Debug;
		};
		22CCEFF3199165D6005161B5 /* Release */ = {
			isa = XCBuildConfiguration;
			buildSettings = {
				BUNDLE_LOADER = "$(BUILT_PRODUCTS_DIR)/blob.app/blob";
				FRAMEWORK_SEARCH_PATHS = (
					"$(SDKROOT)/Developer/Library/Frameworks",
					"$(inherited)",
					"$(DEVELOPER_FRAMEWORKS_DIR)",
				);
				GCC_PRECOMPILE_PREFIX_HEADER = YES;
				GCC_PREFIX_HEADER = "blob/blob-Prefix.pch";
				INFOPLIST_FILE = "blobTests/blobTests-Info.plist";
				PRODUCT_NAME = "$(TARGET_NAME)";
				TEST_HOST = "$(BUNDLE_LOADER)";
				WRAPPER_EXTENSION = xctest;
			};
			name = Release;
		};
/* End XCBuildConfiguration section */

/* Begin XCConfigurationList section */
		22CCEFBD199165D6005161B5 /* Build configuration list for PBXProject "blob" */ = {
			isa = XCConfigurationList;
			buildConfigurations = (
				22CCEFEC199165D6005161B5 /* Debug */,
				22CCEFED199165D6005161B5 /* Release */,
			);
			defaultConfigurationIsVisible = 0;
			defaultConfigurationName = Release;
		};
		22CCEFEE199165D6005161B5 /* Build configuration list for PBXNativeTarget "blob" */ = {
			isa = XCConfigurationList;
			buildConfigurations = (
				22CCEFEF199165D6005161B5 /* Debug */,
				22CCEFF0199165D6005161B5 /* Release */,
			);
			defaultConfigurationIsVisible = 0;
			defaultConfigurationName = Release;
		};
		22CCEFF1199165D6005161B5 /* Build configuration list for PBXNativeTarget "blobTests" */ = {
			isa = XCConfigurationList;
			buildConfigurations = (
				22CCEFF2199165D6005161B5 /* Debug */,
				22CCEFF3199165D6005161B5 /* Release */,
			);
			defaultConfigurationIsVisible = 0;
			defaultConfigurationName = Release;
		};
/* End XCConfigurationList section */

/* Begin XCVersionGroup section */
		22B313A419958B4C0006AE57 /* BlobDataModel.xcdatamodeld */ = {
			isa = XCVersionGroup;
			children = (
				22B313A519958B4C0006AE57 /* BlobDataModel.xcdatamodel */,
			);
			currentVersion = 22B313A519958B4C0006AE57 /* BlobDataModel.xcdatamodel */;
			path = BlobDataModel.xcdatamodeld;
			sourceTree = "<group>";
			versionGroupType = wrapper.xcdatamodel;
		};
/* End XCVersionGroup section */
	};
	rootObject = 22CCEFBA199165D6005161B5 /* Project object */;
}
