// !$*UTF8*$!
{
	archiveVersion = 1;
	classes = {
	};
	objectVersion = 46;
	objects = {

/* Begin PBXBuildFile section */
		2209DB5F1995B71300EC757C /* BBConstants.m in Sources */ = {isa = PBXBuildFile; fileRef = 22CCEFFE199168B5005161B5 /* BBConstants.m */; };
		2259A7811991D91D007A16C3 /* BBAccessoryCollectionCell.m in Sources */ = {isa = PBXBuildFile; fileRef = 2259A7801991D91D007A16C3 /* BBAccessoryCollectionCell.m */; };
		2259A7831991D93D007A16C3 /* BBAccessoryCollectionCell.xib in Resources */ = {isa = PBXBuildFile; fileRef = 2259A7821991D93D007A16C3 /* BBAccessoryCollectionCell.xib */; };
		22A2866D1992E9780087A311 /* BBFeelingCollectionCell.m in Sources */ = {isa = PBXBuildFile; fileRef = 22A2866C1992E9780087A311 /* BBFeelingCollectionCell.m */; };
		22A2866F1992EA5C0087A311 /* BBFeelingCollectionCell.xib in Resources */ = {isa = PBXBuildFile; fileRef = 22A2866E1992EA5C0087A311 /* BBFeelingCollectionCell.xib */; };
		22B313A319958AE60006AE57 /* CoreData.framework in Frameworks */ = {isa = PBXBuildFile; fileRef = 22B313A219958AE60006AE57 /* CoreData.framework */; };
		22B313A619958B4C0006AE57 /* BlobDataModel.xcdatamodeld in Sources */ = {isa = PBXBuildFile; fileRef = 22B313A419958B4C0006AE57 /* BlobDataModel.xcdatamodeld */; };
		22B313A919959F4B0006AE57 /* BBAccessory.m in Sources */ = {isa = PBXBuildFile; fileRef = 22B313A819959F4B0006AE57 /* BBAccessory.m */; };
		22B313AC19959FEA0006AE57 /* BBAccessory+Configure.m in Sources */ = {isa = PBXBuildFile; fileRef = 22B313AB19959FEA0006AE57 /* BBAccessory+Configure.m */; };
		22C4F7C31994009C00928EEB /* BBCodeBlockCollectionCell.m in Sources */ = {isa = PBXBuildFile; fileRef = 22C4F7C21994009C00928EEB /* BBCodeBlockCollectionCell.m */; };
		22C4F7C5199400B200928EEB /* BBCodeBlockCollectionCell.xib in Resources */ = {isa = PBXBuildFile; fileRef = 22C4F7C4199400B200928EEB /* BBCodeBlockCollectionCell.xib */; };
		22CCEFC6199165D6005161B5 /* Foundation.framework in Frameworks */ = {isa = PBXBuildFile; fileRef = 22CCEFC5199165D6005161B5 /* Foundation.framework */; };
		22CCEFC8199165D6005161B5 /* CoreGraphics.framework in Frameworks */ = {isa = PBXBuildFile; fileRef = 22CCEFC7199165D6005161B5 /* CoreGraphics.framework */; };
		22CCEFCA199165D6005161B5 /* UIKit.framework in Frameworks */ = {isa = PBXBuildFile; fileRef = 22CCEFC9199165D6005161B5 /* UIKit.framework */; };
		22CCEFD0199165D6005161B5 /* InfoPlist.strings in Resources */ = {isa = PBXBuildFile; fileRef = 22CCEFCE199165D6005161B5 /* InfoPlist.strings */; };
		22CCEFD2199165D6005161B5 /* main.m in Sources */ = {isa = PBXBuildFile; fileRef = 22CCEFD1199165D6005161B5 /* main.m */; };
		22CCEFD6199165D6005161B5 /* BBAppDelegate.m in Sources */ = {isa = PBXBuildFile; fileRef = 22CCEFD5199165D6005161B5 /* BBAppDelegate.m */; };
		22CCEFD8199165D6005161B5 /* Images.xcassets in Resources */ = {isa = PBXBuildFile; fileRef = 22CCEFD7199165D6005161B5 /* Images.xcassets */; };
		22CCEFDF199165D6005161B5 /* XCTest.framework in Frameworks */ = {isa = PBXBuildFile; fileRef = 22CCEFDE199165D6005161B5 /* XCTest.framework */; };
		22CCEFE0199165D6005161B5 /* Foundation.framework in Frameworks */ = {isa = PBXBuildFile; fileRef = 22CCEFC5199165D6005161B5 /* Foundation.framework */; };
		22CCEFE1199165D6005161B5 /* UIKit.framework in Frameworks */ = {isa = PBXBuildFile; fileRef = 22CCEFC9199165D6005161B5 /* UIKit.framework */; };
		22CCEFE9199165D6005161B5 /* InfoPlist.strings in Resources */ = {isa = PBXBuildFile; fileRef = 22CCEFE7199165D6005161B5 /* InfoPlist.strings */; };
		22CCEFEB199165D6005161B5 /* blobTests.m in Sources */ = {isa = PBXBuildFile; fileRef = 22CCEFEA199165D6005161B5 /* blobTests.m */; };
		22CCEFFA199166A2005161B5 /* BBRootViewController.m in Sources */ = {isa = PBXBuildFile; fileRef = 22CCEFF8199166A2005161B5 /* BBRootViewController.m */; };
		22CCEFFB199166A2005161B5 /* BBRootViewController.xib in Resources */ = {isa = PBXBuildFile; fileRef = 22CCEFF9199166A2005161B5 /* BBRootViewController.xib */; };
		22CCF00419917680005161B5 /* BBClosetViewController.m in Sources */ = {isa = PBXBuildFile; fileRef = 22CCF00219917680005161B5 /* BBClosetViewController.m */; };
		22CCF00519917680005161B5 /* BBClosetViewController.xib in Resources */ = {isa = PBXBuildFile; fileRef = 22CCF00319917680005161B5 /* BBClosetViewController.xib */; };
		22CCF009199176A5005161B5 /* BBSecretLanguageViewController.m in Sources */ = {isa = PBXBuildFile; fileRef = 22CCF007199176A5005161B5 /* BBSecretLanguageViewController.m */; };
		22CCF00A199176A5005161B5 /* BBSecretLanguageViewController.xib in Resources */ = {isa = PBXBuildFile; fileRef = 22CCF008199176A5005161B5 /* BBSecretLanguageViewController.xib */; };
		22CCF00E199176BD005161B5 /* BBMyBlobViewController.m in Sources */ = {isa = PBXBuildFile; fileRef = 22CCF00C199176BD005161B5 /* BBMyBlobViewController.m */; };
		22CCF00F199176BD005161B5 /* BBMyBlobViewController.xib in Resources */ = {isa = PBXBuildFile; fileRef = 22CCF00D199176BD005161B5 /* BBMyBlobViewController.xib */; };
/* End PBXBuildFile section */

/* Begin PBXContainerItemProxy section */
		22CCEFE2199165D6005161B5 /* PBXContainerItemProxy */ = {
			isa = PBXContainerItemProxy;
			containerPortal = 22CCEFBA199165D6005161B5 /* Project object */;
			proxyType = 1;
			remoteGlobalIDString = 22CCEFC1199165D6005161B5;
			remoteInfo = blob;
		};
/* End PBXContainerItemProxy section */

/* Begin PBXFileReference section */
		2259A77F1991D91D007A16C3 /* BBAccessoryCollectionCell.h */ = {isa = PBXFileReference; fileEncoding = 4; lastKnownFileType = sourcecode.c.h; name = BBAccessoryCollectionCell.h; path = Cells/BBAccessoryCollectionCell.h; sourceTree = "<group>"; };
		2259A7801991D91D007A16C3 /* BBAccessoryCollectionCell.m */ = {isa = PBXFileReference; fileEncoding = 4; lastKnownFileType = sourcecode.c.objc; name = BBAccessoryCollectionCell.m; path = Cells/BBAccessoryCollectionCell.m; sourceTree = "<group>"; };
		2259A7821991D93D007A16C3 /* BBAccessoryCollectionCell.xib */ = {isa = PBXFileReference; fileEncoding = 4; lastKnownFileType = file.xib; name = BBAccessoryCollectionCell.xib; path = Cells/BBAccessoryCollectionCell.xib; sourceTree = "<group>"; };
		22A2866B1992E9780087A311 /* BBFeelingCollectionCell.h */ = {isa = PBXFileReference; fileEncoding = 4; lastKnownFileType = sourcecode.c.h; name = BBFeelingCollectionCell.h; path = Cells/BBFeelingCollectionCell.h; sourceTree = "<group>"; };
		22A2866C1992E9780087A311 /* BBFeelingCollectionCell.m */ = {isa = PBXFileReference; fileEncoding = 4; lastKnownFileType = sourcecode.c.objc; name = BBFeelingCollectionCell.m; path = Cells/BBFeelingCollectionCell.m; sourceTree = "<group>"; };
		22A2866E1992EA5C0087A311 /* BBFeelingCollectionCell.xib */ = {isa = PBXFileReference; fileEncoding = 4; lastKnownFileType = file.xib; path = BBFeelingCollectionCell.xib; sourceTree = "<group>"; };
		22B313A219958AE60006AE57 /* CoreData.framework */ = {isa = PBXFileReference; lastKnownFileType = wrapper.framework; name = CoreData.framework; path = System/Library/Frameworks/CoreData.framework; sourceTree = SDKROOT; };
		22B313A519958B4C0006AE57 /* BlobDataModel.xcdatamodel */ = {isa = PBXFileReference; lastKnownFileType = wrapper.xcdatamodel; path = BlobDataModel.xcdatamodel; sourceTree = "<group>"; };
		22B313A719959F4B0006AE57 /* BBAccessory.h */ = {isa = PBXFileReference; fileEncoding = 4; lastKnownFileType = sourcecode.c.h; path = BBAccessory.h; sourceTree = "<group>"; };
		22B313A819959F4B0006AE57 /* BBAccessory.m */ = {isa = PBXFileReference; fileEncoding = 4; lastKnownFileType = sourcecode.c.objc; path = BBAccessory.m; sourceTree = "<group>"; };
		22B313AA19959FEA0006AE57 /* BBAccessory+Configure.h */ = {isa = PBXFileReference; fileEncoding = 4; lastKnownFileType = sourcecode.c.h; path = "BBAccessory+Configure.h"; sourceTree = "<group>"; };
		22B313AB19959FEA0006AE57 /* BBAccessory+Configure.m */ = {isa = PBXFileReference; fileEncoding = 4; lastKnownFileType = sourcecode.c.objc; path = "BBAccessory+Configure.m"; sourceTree = "<group>"; };
		22C4F7C11994009C00928EEB /* BBCodeBlockCollectionCell.h */ = {isa = PBXFileReference; fileEncoding = 4; lastKnownFileType = sourcecode.c.h; name = BBCodeBlockCollectionCell.h; path = Cells/BBCodeBlockCollectionCell.h; sourceTree = "<group>"; };
		22C4F7C21994009C00928EEB /* BBCodeBlockCollectionCell.m */ = {isa = PBXFileReference; fileEncoding = 4; lastKnownFileType = sourcecode.c.objc; name = BBCodeBlockCollectionCell.m; path = Cells/BBCodeBlockCollectionCell.m; sourceTree = "<group>"; };
		22C4F7C4199400B200928EEB /* BBCodeBlockCollectionCell.xib */ = {isa = PBXFileReference; fileEncoding = 4; lastKnownFileType = file.xib; path = BBCodeBlockCollectionCell.xib; sourceTree = "<group>"; };
		22CCEFC2199165D6005161B5 /* blob.app */ = {isa = PBXFileReference; explicitFileType = wrapper.application; includeInIndex = 0; path = blob.app; sourceTree = BUILT_PRODUCTS_DIR; };
		22CCEFC5199165D6005161B5 /* Foundation.framework */ = {isa = PBXFileReference; lastKnownFileType = wrapper.framework; name = Foundation.framework; path = System/Library/Frameworks/Foundation.framework; sourceTree = SDKROOT; };
		22CCEFC7199165D6005161B5 /* CoreGraphics.framework */ = {isa = PBXFileReference; lastKnownFileType = wrapper.framework; name = CoreGraphics.framework; path = System/Library/Frameworks/CoreGraphics.framework; sourceTree = SDKROOT; };
		22CCEFC9199165D6005161B5 /* UIKit.framework */ = {isa = PBXFileReference; lastKnownFileType = wrapper.framework; name = UIKit.framework; path = System/Library/Frameworks/UIKit.framework; sourceTree = SDKROOT; };
		22CCEFCD199165D6005161B5 /* blob-Info.plist */ = {isa = PBXFileReference; lastKnownFileType = text.plist.xml; path = "blob-Info.plist"; sourceTree = "<group>"; };
		22CCEFCF199165D6005161B5 /* en */ = {isa = PBXFileReference; lastKnownFileType = text.plist.strings; name = en; path = en.lproj/InfoPlist.strings; sourceTree = "<group>"; };
		22CCEFD1199165D6005161B5 /* main.m */ = {isa = PBXFileReference; lastKnownFileType = sourcecode.c.objc; path = main.m; sourceTree = "<group>"; };
		22CCEFD3199165D6005161B5 /* blob-Prefix.pch */ = {isa = PBXFileReference; lastKnownFileType = sourcecode.c.h; path = "blob-Prefix.pch"; sourceTree = "<group>"; };
		22CCEFD4199165D6005161B5 /* BBAppDelegate.h */ = {isa = PBXFileReference; lastKnownFileType = sourcecode.c.h; path = BBAppDelegate.h; sourceTree = "<group>"; };
		22CCEFD5199165D6005161B5 /* BBAppDelegate.m */ = {isa = PBXFileReference; lastKnownFileType = sourcecode.c.objc; path = BBAppDelegate.m; sourceTree = "<group>"; };
		22CCEFD7199165D6005161B5 /* Images.xcassets */ = {isa = PBXFileReference; lastKnownFileType = folder.assetcatalog; path = Images.xcassets; sourceTree = "<group>"; };
		22CCEFDD199165D6005161B5 /* blobTests.xctest */ = {isa = PBXFileReference; explicitFileType = wrapper.cfbundle; includeInIndex = 0; path = blobTests.xctest; sourceTree = BUILT_PRODUCTS_DIR; };
		22CCEFDE199165D6005161B5 /* XCTest.framework */ = {isa = PBXFileReference; lastKnownFileType = wrapper.framework; name = XCTest.framework; path = Library/Frameworks/XCTest.framework; sourceTree = DEVELOPER_DIR; };
		22CCEFE6199165D6005161B5 /* blobTests-Info.plist */ = {isa = PBXFileReference; lastKnownFileType = text.plist.xml; path = "blobTests-Info.plist"; sourceTree = "<group>"; };
		22CCEFE8199165D6005161B5 /* en */ = {isa = PBXFileReference; lastKnownFileType = text.plist.strings; name = en; path = en.lproj/InfoPlist.strings; sourceTree = "<group>"; };
		22CCEFEA199165D6005161B5 /* blobTests.m */ = {isa = PBXFileReference; lastKnownFileType = sourcecode.c.objc; path = blobTests.m; sourceTree = "<group>"; };
		22CCEFF7199166A2005161B5 /* BBRootViewController.h */ = {isa = PBXFileReference; fileEncoding = 4; lastKnownFileType = sourcecode.c.h; path = BBRootViewController.h; sourceTree = "<group>"; };
		22CCEFF8199166A2005161B5 /* BBRootViewController.m */ = {isa = PBXFileReference; fileEncoding = 4; lastKnownFileType = sourcecode.c.objc; path = BBRootViewController.m; sourceTree = "<group>"; };
		22CCEFF9199166A2005161B5 /* BBRootViewController.xib */ = {isa = PBXFileReference; fileEncoding = 4; lastKnownFileType = file.xib; path = BBRootViewController.xib; sourceTree = "<group>"; };
		22CCEFFD199168B5005161B5 /* BBConstants.h */ = {isa = PBXFileReference; fileEncoding = 4; lastKnownFileType = sourcecode.c.h; path = BBConstants.h; sourceTree = "<group>"; };
		22CCEFFE199168B5005161B5 /* BBConstants.m */ = {isa = PBXFileReference; fileEncoding = 4; lastKnownFileType = sourcecode.c.objc; path = BBConstants.m; sourceTree = "<group>"; };
		22CCF00119917680005161B5 /* BBClosetViewController.h */ = {isa = PBXFileReference; fileEncoding = 4; lastKnownFileType = sourcecode.c.h; path = BBClosetViewController.h; sourceTree = "<group>"; };
		22CCF00219917680005161B5 /* BBClosetViewController.m */ = {isa = PBXFileReference; fileEncoding = 4; lastKnownFileType = sourcecode.c.objc; path = BBClosetViewController.m; sourceTree = "<group>"; };
		22CCF00319917680005161B5 /* BBClosetViewController.xib */ = {isa = PBXFileReference; fileEncoding = 4; lastKnownFileType = file.xib; path = BBClosetViewController.xib; sourceTree = "<group>"; };
		22CCF006199176A5005161B5 /* BBSecretLanguageViewController.h */ = {isa = PBXFileReference; fileEncoding = 4; lastKnownFileType = sourcecode.c.h; path = BBSecretLanguageViewController.h; sourceTree = "<group>"; };
		22CCF007199176A5005161B5 /* BBSecretLanguageViewController.m */ = {isa = PBXFileReference; fileEncoding = 4; lastKnownFileType = sourcecode.c.objc; path = BBSecretLanguageViewController.m; sourceTree = "<group>"; };
		22CCF008199176A5005161B5 /* BBSecretLanguageViewController.xib */ = {isa = PBXFileReference; fileEncoding = 4; lastKnownFileType = file.xib; path = BBSecretLanguageViewController.xib; sourceTree = "<group>"; };
		22CCF00B199176BD005161B5 /* BBMyBlobViewController.h */ = {isa = PBXFileReference; fileEncoding = 4; lastKnownFileType = sourcecode.c.h; path = BBMyBlobViewController.h; sourceTree = "<group>"; };
		22CCF00C199176BD005161B5 /* BBMyBlobViewController.m */ = {isa = PBXFileReference; fileEncoding = 4; lastKnownFileType = sourcecode.c.objc; path = BBMyBlobViewController.m; sourceTree = "<group>"; };
		22CCF00D199176BD005161B5 /* BBMyBlobViewController.xib */ = {isa = PBXFileReference; fileEncoding = 4; lastKnownFileType = file.xib; path = BBMyBlobViewController.xib; sourceTree = "<group>"; };
/* End PBXFileReference section */

/* Begin PBXFrameworksBuildPhase section */
		22CCEFBF199165D6005161B5 /* Frameworks */ = {
			isa = PBXFrameworksBuildPhase;
			buildActionMask = 2147483647;
			files = (
				22B313A319958AE60006AE57 /* CoreData.framework in Frameworks */,
				22CCEFC8199165D6005161B5 /* CoreGraphics.framework in Frameworks */,
				22CCEFCA199165D6005161B5 /* UIKit.framework in Frameworks */,
				22CCEFC6199165D6005161B5 /* Foundation.framework in Frameworks */,
			);
			runOnlyForDeploymentPostprocessing = 0;
		};
		22CCEFDA199165D6005161B5 /* Frameworks */ = {
			isa = PBXFrameworksBuildPhase;
			buildActionMask = 2147483647;
			files = (
				22CCEFDF199165D6005161B5 /* XCTest.framework in Frameworks */,
				22CCEFE1199165D6005161B5 /* UIKit.framework in Frameworks */,
				22CCEFE0199165D6005161B5 /* Foundation.framework in Frameworks */,
			);
			runOnlyForDeploymentPostprocessing = 0;
		};
/* End PBXFrameworksBuildPhase section */

/* Begin PBXGroup section */
		22A2866A1992DDD90087A311 /* Cells */ = {
			isa = PBXGroup;
			children = (
				2259A77F1991D91D007A16C3 /* BBAccessoryCollectionCell.h */,
				2259A7801991D91D007A16C3 /* BBAccessoryCollectionCell.m */,
				2259A7821991D93D007A16C3 /* BBAccessoryCollectionCell.xib */,
				22A2866B1992E9780087A311 /* BBFeelingCollectionCell.h */,
				22A2866C1992E9780087A311 /* BBFeelingCollectionCell.m */,
				22A2866E1992EA5C0087A311 /* BBFeelingCollectionCell.xib */,
				22C4F7C11994009C00928EEB /* BBCodeBlockCollectionCell.h */,
				22C4F7C21994009C00928EEB /* BBCodeBlockCollectionCell.m */,
				22C4F7C4199400B200928EEB /* BBCodeBlockCollectionCell.xib */,
			);
			name = Cells;
			sourceTree = "<group>";
		};
		22B313AD1995A0650006AE57 /* Generated */ = {
			isa = PBXGroup;
			children = (
				22B313A719959F4B0006AE57 /* BBAccessory.h */,
				22B313A819959F4B0006AE57 /* BBAccessory.m */,
			);
			name = Generated;
			sourceTree = "<group>";
		};
		22CCEFB9199165D6005161B5 = {
			isa = PBXGroup;
			children = (
				22CCEFCB199165D6005161B5 /* blob */,
				22CCEFE4199165D6005161B5 /* blobTests */,
				22CCEFC4199165D6005161B5 /* Frameworks */,
				22CCEFC3199165D6005161B5 /* Products */,
			);
			sourceTree = "<group>";
		};
		22CCEFC3199165D6005161B5 /* Products */ = {
			isa = PBXGroup;
			children = (
				22CCEFC2199165D6005161B5 /* blob.app */,
				22CCEFDD199165D6005161B5 /* blobTests.xctest */,
			);
			name = Products;
			sourceTree = "<group>";
		};
		22CCEFC4199165D6005161B5 /* Frameworks */ = {
			isa = PBXGroup;
			children = (
				22B313A219958AE60006AE57 /* CoreData.framework */,
				22CCEFC5199165D6005161B5 /* Foundation.framework */,
				22CCEFC7199165D6005161B5 /* CoreGraphics.framework */,
				22CCEFC9199165D6005161B5 /* UIKit.framework */,
				22CCEFDE199165D6005161B5 /* XCTest.framework */,
			);
			name = Frameworks;
			sourceTree = "<group>";
		};
		22CCEFCB199165D6005161B5 /* blob */ = {
			isa = PBXGroup;
			children = (
				22CCEFFC1991689E005161B5 /* Constants */,
				22CCEFF51991664F005161B5 /* Model */,
				22CCEFF619916653005161B5 /* Views */,
				22CCEFF41991664A005161B5 /* Controllers */,
				22CCEFD4199165D6005161B5 /* BBAppDelegate.h */,
				22CCEFD5199165D6005161B5 /* BBAppDelegate.m */,
				22CCEFD7199165D6005161B5 /* Images.xcassets */,
				22CCEFCC199165D6005161B5 /* Supporting Files */,
			);
			path = blob;
			sourceTree = "<group>";
		};
		22CCEFCC199165D6005161B5 /* Supporting Files */ = {
			isa = PBXGroup;
			children = (
				22CCEFCD199165D6005161B5 /* blob-Info.plist */,
				22CCEFCE199165D6005161B5 /* InfoPlist.strings */,
				22CCEFD1199165D6005161B5 /* main.m */,
				22CCEFD3199165D6005161B5 /* blob-Prefix.pch */,
			);
			name = "Supporting Files";
			sourceTree = "<group>";
		};
		22CCEFE4199165D6005161B5 /* blobTests */ = {
			isa = PBXGroup;
			children = (
				22CCEFEA199165D6005161B5 /* blobTests.m */,
				22CCEFE5199165D6005161B5 /* Supporting Files */,
			);
			path = blobTests;
			sourceTree = "<group>";
		};
		22CCEFE5199165D6005161B5 /* Supporting Files */ = {
			isa = PBXGroup;
			children = (
				22CCEFE6199165D6005161B5 /* blobTests-Info.plist */,
				22CCEFE7199165D6005161B5 /* InfoPlist.strings */,
			);
			name = "Supporting Files";
			sourceTree = "<group>";
		};
		22CCEFF41991664A005161B5 /* Controllers */ = {
			isa = PBXGroup;
			children = (
				22CCEFF7199166A2005161B5 /* BBRootViewController.h */,
				22CCEFF8199166A2005161B5 /* BBRootViewController.m */,
				22CCEFF9199166A2005161B5 /* BBRootViewController.xib */,
				22CCF010199176C4005161B5 /* Child View Controllers */,
			);
			path = Controllers;
			sourceTree = "<group>";
		};
		22CCEFF51991664F005161B5 /* Model */ = {
			isa = PBXGroup;
			children = (
				22B313A419958B4C0006AE57 /* BlobDataModel.xcdatamodeld */,
				22B313AD1995A0650006AE57 /* Generated */,
				22B313AA19959FEA0006AE57 /* BBAccessory+Configure.h */,
				22B313AB19959FEA0006AE57 /* BBAccessory+Configure.m */,
			);
			path = Model;
			sourceTree = "<group>";
		};
		22CCEFF619916653005161B5 /* Views */ = {
			isa = PBXGroup;
			children = (
			);
			path = Views;
			sourceTree = "<group>";
		};
		22CCEFFC1991689E005161B5 /* Constants */ = {
			isa = PBXGroup;
			children = (
				22CCEFFD199168B5005161B5 /* BBConstants.h */,
				22CCEFFE199168B5005161B5 /* BBConstants.m */,
			);
			path = Constants;
			sourceTree = "<group>";
		};
		22CCF010199176C4005161B5 /* Child View Controllers */ = {
			isa = PBXGroup;
			children = (
				22CCF00119917680005161B5 /* BBClosetViewController.h */,
				22CCF00219917680005161B5 /* BBClosetViewController.m */,
				22CCF00319917680005161B5 /* BBClosetViewController.xib */,
				22CCF006199176A5005161B5 /* BBSecretLanguageViewController.h */,
				22CCF007199176A5005161B5 /* BBSecretLanguageViewController.m */,
				22CCF008199176A5005161B5 /* BBSecretLanguageViewController.xib */,
				22CCF00B199176BD005161B5 /* BBMyBlobViewController.h */,
				22CCF00C199176BD005161B5 /* BBMyBlobViewController.m */,
				22CCF00D199176BD005161B5 /* BBMyBlobViewController.xib */,
				22A2866A1992DDD90087A311 /* Cells */,
			);
			name = "Child View Controllers";
			sourceTree = "<group>";
		};
/* End PBXGroup section */

/* Begin PBXNativeTarget section */
		22CCEFC1199165D6005161B5 /* blob */ = {
			isa = PBXNativeTarget;
			buildConfigurationList = 22CCEFEE199165D6005161B5 /* Build configuration list for PBXNativeTarget "blob" */;
			buildPhases = (
				22CCEFBE199165D6005161B5 /* Sources */,
				22CCEFBF199165D6005161B5 /* Frameworks */,
				22CCEFC0199165D6005161B5 /* Resources */,
			);
			buildRules = (
			);
			dependencies = (
			);
			name = blob;
			productName = blob;
			productReference = 22CCEFC2199165D6005161B5 /* blob.app */;
			productType = "com.apple.product-type.application";
		};
		22CCEFDC199165D6005161B5 /* blobTests */ = {
			isa = PBXNativeTarget;
			buildConfigurationList = 22CCEFF1199165D6005161B5 /* Build configuration list for PBXNativeTarget "blobTests" */;
			buildPhases = (
				22CCEFD9199165D6005161B5 /* Sources */,
				22CCEFDA199165D6005161B5 /* Frameworks */,
				22CCEFDB199165D6005161B5 /* Resources */,
			);
			buildRules = (
			);
			dependencies = (
				22CCEFE3199165D6005161B5 /* PBXTargetDependency */,
			);
			name = blobTests;
			productName = blobTests;
			productReference = 22CCEFDD199165D6005161B5 /* blobTests.xctest */;
			productType = "com.apple.product-type.bundle.unit-test";
		};
/* End PBXNativeTarget section */

/* Begin PBXProject section */
		22CCEFBA199165D6005161B5 /* Project object */ = {
			isa = PBXProject;
			attributes = {
				CLASSPREFIX = BB;
				LastUpgradeCheck = 0510;
				ORGANIZATIONNAME = "Crazy Machine";
				TargetAttributes = {
					22CCEFC1199165D6005161B5 = {
						DevelopmentTeam = QC4NQ4A3Z9;
					};
					22CCEFDC199165D6005161B5 = {
						TestTargetID = 22CCEFC1199165D6005161B5;
					};
				};
			};
			buildConfigurationList = 22CCEFBD199165D6005161B5 /* Build configuration list for PBXProject "blob" */;
			compatibilityVersion = "Xcode 3.2";
			developmentRegion = English;
			hasScannedForEncodings = 0;
			knownRegions = (
				en,
			);
			mainGroup = 22CCEFB9199165D6005161B5;
			productRefGroup = 22CCEFC3199165D6005161B5 /* Products */;
			projectDirPath = "";
			projectRoot = "";
			targets = (
				22CCEFC1199165D6005161B5 /* blob */,
				22CCEFDC199165D6005161B5 /* blobTests */,
			);
		};
/* End PBXProject section */

/* Begin PBXResourcesBuildPhase section */
		22CCEFC0199165D6005161B5 /* Resources */ = {
			isa = PBXResourcesBuildPhase;
			buildActionMask = 2147483647;
			files = (
				22CCF00519917680005161B5 /* BBClosetViewController.xib in Resources */,
				22CCF00F199176BD005161B5 /* BBMyBlobViewController.xib in Resources */,
				22CCEFD0199165D6005161B5 /* InfoPlist.strings in Resources */,
				22CCF00A199176A5005161B5 /* BBSecretLanguageViewController.xib in Resources */,
				22CCEFD8199165D6005161B5 /* Images.xcassets in Resources */,
				22C4F7C5199400B200928EEB /* BBCodeBlockCollectionCell.xib in Resources */,
				22CCEFFB199166A2005161B5 /* BBRootViewController.xib in Resources */,
				22A2866F1992EA5C0087A311 /* BBFeelingCollectionCell.xib in Resources */,
				2259A7831991D93D007A16C3 /* BBAccessoryCollectionCell.xib in Resources */,
			);
			runOnlyForDeploymentPostprocessing = 0;
		};
		22CCEFDB199165D6005161B5 /* Resources */ = {
			isa = PBXResourcesBuildPhase;
			buildActionMask = 2147483647;
			files = (
				22CCEFE9199165D6005161B5 /* InfoPlist.strings in Resources */,
			);
			runOnlyForDeploymentPostprocessing = 0;
		};
/* End PBXResourcesBuildPhase section */

/* Begin PBXSourcesBuildPhase section */
		22CCEFBE199165D6005161B5 /* Sources */ = {
			isa = PBXSourcesBuildPhase;
			buildActionMask = 2147483647;
			files = (
				2209DB5F1995B71300EC757C /* BBConstants.m in Sources */,
				2259A7811991D91D007A16C3 /* BBAccessoryCollectionCell.m in Sources */,
				22C4F7C31994009C00928EEB /* BBCodeBlockCollectionCell.m in Sources */,
				22CCF009199176A5005161B5 /* BBSecretLanguageViewController.m in Sources */,
				22B313A619958B4C0006AE57 /* BlobDataModel.xcdatamodeld in Sources */,
				22B313A919959F4B0006AE57 /* BBAccessory.m in Sources */,
				22CCEFD6199165D6005161B5 /* BBAppDelegate.m in Sources */,
				22CCEFFA199166A2005161B5 /* BBRootViewController.m in Sources */,
				22B313AC19959FEA0006AE57 /* BBAccessory+Configure.m in Sources */,
				22CCEFD2199165D6005161B5 /* main.m in Sources */,
				22CCF00419917680005161B5 /* BBClosetViewController.m in Sources */,
				22A2866D1992E9780087A311 /* BBFeelingCollectionCell.m in Sources */,
				22CCF00E199176BD005161B5 /* BBMyBlobViewController.m in Sources */,
			);
			runOnlyForDeploymentPostprocessing = 0;
		};
		22CCEFD9199165D6005161B5 /* Sources */ = {
			isa = PBXSourcesBuildPhase;
			buildActionMask = 2147483647;
			files = (
				22CCEFEB199165D6005161B5 /* blobTests.m in Sources */,
			);
			runOnlyForDeploymentPostprocessing = 0;
		};
/* End PBXSourcesBuildPhase section */

/* Begin PBXTargetDependency section */
		22CCEFE3199165D6005161B5 /* PBXTargetDependency */ = {
			isa = PBXTargetDependency;
			target = 22CCEFC1199165D6005161B5 /* blob */;
			targetProxy = 22CCEFE2199165D6005161B5 /* PBXContainerItemProxy */;
		};
/* End PBXTargetDependency section */

/* Begin PBXVariantGroup section */
		22CCEFCE199165D6005161B5 /* InfoPlist.strings */ = {
			isa = PBXVariantGroup;
			children = (
				22CCEFCF199165D6005161B5 /* en */,
			);
			name = InfoPlist.strings;
			sourceTree = "<group>";
		};
		22CCEFE7199165D6005161B5 /* InfoPlist.strings */ = {
			isa = PBXVariantGroup;
			children = (
				22CCEFE8199165D6005161B5 /* en */,
			);
			name = InfoPlist.strings;
			sourceTree = "<group>";
		};
/* End PBXVariantGroup section */

/* Begin XCBuildConfiguration section */
		22CCEFEC199165D6005161B5 /* Debug */ = {
			isa = XCBuildConfiguration;
			buildSettings = {
				ALWAYS_SEARCH_USER_PATHS = NO;
				CLANG_CXX_LANGUAGE_STANDARD = "gnu++0x";
				CLANG_CXX_LIBRARY = "libc++";
				CLANG_ENABLE_MODULES = YES;
				CLANG_ENABLE_OBJC_ARC = YES;
				CLANG_WARN_BOOL_CONVERSION = YES;
				CLANG_WARN_CONSTANT_CONVERSION = YES;
				CLANG_WARN_DIRECT_OBJC_ISA_USAGE = YES_ERROR;
				CLANG_WARN_EMPTY_BODY = YES;
				CLANG_WARN_ENUM_CONVERSION = YES;
				CLANG_WARN_INT_CONVERSION = YES;
				CLANG_WARN_OBJC_ROOT_CLASS = YES_ERROR;
				CLANG_WARN__DUPLICATE_METHOD_MATCH = YES;
				"CODE_SIGN_IDENTITY[sdk=iphoneos*]" = "iPhone Developer";
				COPY_PHASE_STRIP = NO;
				GCC_C_LANGUAGE_STANDARD = gnu99;
				GCC_DYNAMIC_NO_PIC = NO;
				GCC_OPTIMIZATION_LEVEL = 0;
				GCC_PREPROCESSOR_DEFINITIONS = (
					"DEBUG=1",
					"$(inherited)",
				);
				GCC_SYMBOLS_PRIVATE_EXTERN = NO;
				GCC_WARN_64_TO_32_BIT_CONVERSION = YES;
				GCC_WARN_ABOUT_RETURN_TYPE = YES_ERROR;
				GCC_WARN_UNDECLARED_SELECTOR = YES;
				GCC_WARN_UNINITIALIZED_AUTOS = YES_AGGRESSIVE;
				GCC_WARN_UNUSED_FUNCTION = YES;
				GCC_WARN_UNUSED_VARIABLE = YES;
				IPHONEOS_DEPLOYMENT_TARGET = 7.1;
				ONLY_ACTIVE_ARCH = YES;
				SDKROOT = iphoneos;
				TARGETED_DEVICE_FAMILY = 2;
			};
			name = Debug;
		};
		22CCEFED199165D6005161B5 /* Release */ = {
			isa = XCBuildConfiguration;
			buildSettings = {
				ALWAYS_SEARCH_USER_PATHS = NO;
				CLANG_CXX_LANGUAGE_STANDARD = "gnu++0x";
				CLANG_CXX_LIBRARY = "libc++";
				CLANG_ENABLE_MODULES = YES;
				CLANG_ENABLE_OBJC_ARC = YES;
				CLANG_WARN_BOOL_CONVERSION = YES;
				CLANG_WARN_CONSTANT_CONVERSION = YES;
				CLANG_WARN_DIRECT_OBJC_ISA_USAGE = YES_ERROR;
				CLANG_WARN_EMPTY_BODY = YES;
				CLANG_WARN_ENUM_CONVERSION = YES;
				CLANG_WARN_INT_CONVERSION = YES;
				CLANG_WARN_OBJC_ROOT_CLASS = YES_ERROR;
				CLANG_WARN__DUPLICATE_METHOD_MATCH = YES;
				"CODE_SIGN_IDENTITY[sdk=iphoneos*]" = "iPhone Developer";
				COPY_PHASE_STRIP = YES;
				ENABLE_NS_ASSERTIONS = NO;
				GCC_C_LANGUAGE_STANDARD = gnu99;
				GCC_WARN_64_TO_32_BIT_CONVERSION = YES;
				GCC_WARN_ABOUT_RETURN_TYPE = YES_ERROR;
				GCC_WARN_UNDECLARED_SELECTOR = YES;
				GCC_WARN_UNINITIALIZED_AUTOS = YES_AGGRESSIVE;
				GCC_WARN_UNUSED_FUNCTION = YES;
				GCC_WARN_UNUSED_VARIABLE = YES;
				IPHONEOS_DEPLOYMENT_TARGET = 7.1;
				SDKROOT = iphoneos;
				TARGETED_DEVICE_FAMILY = 2;
				VALIDATE_PRODUCT = YES;
			};
			name = Release;
		};
		22CCEFEF199165D6005161B5 /* Debug */ = {
			isa = XCBuildConfiguration;
			buildSettings = {
				ASSETCATALOG_COMPILER_APPICON_NAME = AppIcon;
				ASSETCATALOG_COMPILER_LAUNCHIMAGE_NAME = LaunchImage;
				CODE_SIGN_IDENTITY = "iPhone Developer";
				GCC_PRECOMPILE_PREFIX_HEADER = YES;
				GCC_PREFIX_HEADER = "blob/blob-Prefix.pch";
				INFOPLIST_FILE = "blob/blob-Info.plist";
				PRODUCT_NAME = "$(TARGET_NAME)";
				WRAPPER_EXTENSION = app;
			};
			name = Debug;
		};
		22CCEFF0199165D6005161B5 /* Release */ = {
			isa = XCBuildConfiguration;
			buildSettings = {
				ASSETCATALOG_COMPILER_APPICON_NAME = AppIcon;
				ASSETCATALOG_COMPILER_LAUNCHIMAGE_NAME = LaunchImage;
				CODE_SIGN_IDENTITY = "iPhone Developer";
				GCC_PRECOMPILE_PREFIX_HEADER = YES;
				GCC_PREFIX_HEADER = "blob/blob-Prefix.pch";
				INFOPLIST_FILE = "blob/blob-Info.plist";
				PRODUCT_NAME = "$(TARGET_NAME)";
				WRAPPER_EXTENSION = app;
			};
			name = Release;
		};
		22CCEFF2199165D6005161B5 /* Debug */ = {
			isa = XCBuildConfiguration;
			buildSettings = {
				BUNDLE_LOADER = "$(BUILT_PRODUCTS_DIR)/blob.app/blob";
				FRAMEWORK_SEARCH_PATHS = (
					"$(SDKROOT)/Developer/Library/Frameworks",
					"$(inherited)",
					"$(DEVELOPER_FRAMEWORKS_DIR)",
				);
				GCC_PRECOMPILE_PREFIX_HEADER = YES;
				GCC_PREFIX_HEADER = "blob/blob-Prefix.pch";
				GCC_PREPROCESSOR_DEFINITIONS = (
					"DEBUG=1",
					"$(inherited)",
				);
				INFOPLIST_FILE = "blobTests/blobTests-Info.plist";
				PRODUCT_NAME = "$(TARGET_NAME)";
				TEST_HOST = "$(BUNDLE_LOADER)";
				WRAPPER_EXTENSION = xctest;
			};
			name = Debug;
		};
		22CCEFF3199165D6005161B5 /* Release */ = {
			isa = XCBuildConfiguration;
			buildSettings = {
				BUNDLE_LOADER = "$(BUILT_PRODUCTS_DIR)/blob.app/blob";
				FRAMEWORK_SEARCH_PATHS = (
					"$(SDKROOT)/Developer/Library/Frameworks",
					"$(inherited)",
					"$(DEVELOPER_FRAMEWORKS_DIR)",
				);
				GCC_PRECOMPILE_PREFIX_HEADER = YES;
				GCC_PREFIX_HEADER = "blob/blob-Prefix.pch";
				INFOPLIST_FILE = "blobTests/blobTests-Info.plist";
				PRODUCT_NAME = "$(TARGET_NAME)";
				TEST_HOST = "$(BUNDLE_LOADER)";
				WRAPPER_EXTENSION = xctest;
			};
			name = Release;
		};
/* End XCBuildConfiguration section */

/* Begin XCConfigurationList section */
		22CCEFBD199165D6005161B5 /* Build configuration list for PBXProject "blob" */ = {
			isa = XCConfigurationList;
			buildConfigurations = (
				22CCEFEC199165D6005161B5 /* Debug */,
				22CCEFED199165D6005161B5 /* Release */,
			);
			defaultConfigurationIsVisible = 0;
			defaultConfigurationName = Release;
		};
		22CCEFEE199165D6005161B5 /* Build configuration list for PBXNativeTarget "blob" */ = {
			isa = XCConfigurationList;
			buildConfigurations = (
				22CCEFEF199165D6005161B5 /* Debug */,
				22CCEFF0199165D6005161B5 /* Release */,
			);
			defaultConfigurationIsVisible = 0;
			defaultConfigurationName = Release;
		};
		22CCEFF1199165D6005161B5 /* Build configuration list for PBXNativeTarget "blobTests" */ = {
			isa = XCConfigurationList;
			buildConfigurations = (
				22CCEFF2199165D6005161B5 /* Debug */,
				22CCEFF3199165D6005161B5 /* Release */,
			);
			defaultConfigurationIsVisible = 0;
			defaultConfigurationName = Release;
		};
/* End XCConfigurationList section */

/* Begin XCVersionGroup section */
		22B313A419958B4C0006AE57 /* BlobDataModel.xcdatamodeld */ = {
			isa = XCVersionGroup;
			children = (
				22B313A519958B4C0006AE57 /* BlobDataModel.xcdatamodel */,
			);
			currentVersion = 22B313A519958B4C0006AE57 /* BlobDataModel.xcdatamodel */;
			path = BlobDataModel.xcdatamodeld;
			sourceTree = "<group>";
			versionGroupType = wrapper.xcdatamodel;
		};
/* End XCVersionGroup section */
	};
	rootObject = 22CCEFBA199165D6005161B5 /* Project object */;
}
